// !$*UTF8*$!
{
	archiveVersion = 1;
	classes = {
	};
	objectVersion = 56;
	objects = {

/* Begin PBXBuildFile section */
		43F768C82ACDBE5100321CEC /* AccountSettingAssembly.swift in Sources */ = {isa = PBXBuildFile; fileRef = 43F768BF2ACDBE5100321CEC /* AccountSettingAssembly.swift */; };
		43F768C92ACDBE5100321CEC /* AccountSettingPresenter.swift in Sources */ = {isa = PBXBuildFile; fileRef = 43F768C12ACDBE5100321CEC /* AccountSettingPresenter.swift */; };
		43F768CA2ACDBE5100321CEC /* AccountSettingPresenterProtocol.swift in Sources */ = {isa = PBXBuildFile; fileRef = 43F768C22ACDBE5100321CEC /* AccountSettingPresenterProtocol.swift */; };
		43F768CB2ACDBE5100321CEC /* AccountSettingViewController.swift in Sources */ = {isa = PBXBuildFile; fileRef = 43F768C42ACDBE5100321CEC /* AccountSettingViewController.swift */; };
		43F768CC2ACDBE5100321CEC /* AccountSettingViewInput.swift in Sources */ = {isa = PBXBuildFile; fileRef = 43F768C52ACDBE5100321CEC /* AccountSettingViewInput.swift */; };
		43F768CD2ACDBE5100321CEC /* AccountSettingRouter.swift in Sources */ = {isa = PBXBuildFile; fileRef = 43F768C72ACDBE5100321CEC /* AccountSettingRouter.swift */; };
		578CF0D82ACE0A0F006B50C5 /* EpisodeDetailModel.swift in Sources */ = {isa = PBXBuildFile; fileRef = 578CF0D52ACE0A0E006B50C5 /* EpisodeDetailModel.swift */; };
		578CF0D92ACE0A0F006B50C5 /* SearchResultModel.swift in Sources */ = {isa = PBXBuildFile; fileRef = 578CF0D62ACE0A0E006B50C5 /* SearchResultModel.swift */; };
		578CF0DA2ACE0A0F006B50C5 /* TrendingsNamesModel.swift in Sources */ = {isa = PBXBuildFile; fileRef = 578CF0D72ACE0A0F006B50C5 /* TrendingsNamesModel.swift */; };
		578CF0DE2ACE0FB5006B50C5 /* Kingfisher in Frameworks */ = {isa = PBXBuildFile; productRef = 578CF0DD2ACE0FB5006B50C5 /* Kingfisher */; };
		57A5BAC22AC72A750036557A /* SearchResultViewModel.swift in Sources */ = {isa = PBXBuildFile; fileRef = 57A5BAC12AC72A750036557A /* SearchResultViewModel.swift */; };
		57A5BAC42AC72B730036557A /* SearchResultAllPodcastsViewModel.swift in Sources */ = {isa = PBXBuildFile; fileRef = 57A5BAC32AC72B730036557A /* SearchResultAllPodcastsViewModel.swift */; };
		57A5BAC62AC7530D0036557A /* SearchGenresViewModel.swift in Sources */ = {isa = PBXBuildFile; fileRef = 57A5BAC52AC7530D0036557A /* SearchGenresViewModel.swift */; };
		57C1AA952AC60A6000444C47 /* HomeAssembly.swift in Sources */ = {isa = PBXBuildFile; fileRef = 57C1AA892AC60A6000444C47 /* HomeAssembly.swift */; };
		57C1AA962AC60A6000444C47 /* HomePresenterProtocol.swift in Sources */ = {isa = PBXBuildFile; fileRef = 57C1AA8B2AC60A6000444C47 /* HomePresenterProtocol.swift */; };
		57C1AA972AC60A6000444C47 /* HomePresenter.swift in Sources */ = {isa = PBXBuildFile; fileRef = 57C1AA8C2AC60A6000444C47 /* HomePresenter.swift */; };
		57C1AA982AC60A6000444C47 /* HomeViewController.swift in Sources */ = {isa = PBXBuildFile; fileRef = 57C1AA8E2AC60A6000444C47 /* HomeViewController.swift */; };
		57C1AA992AC60A6000444C47 /* HomeViewInput.swift in Sources */ = {isa = PBXBuildFile; fileRef = 57C1AA8F2AC60A6000444C47 /* HomeViewInput.swift */; };
		57C1AA9A2AC60A6000444C47 /* SearchView.swift in Sources */ = {isa = PBXBuildFile; fileRef = 57C1AA912AC60A6000444C47 /* SearchView.swift */; };
		57C1AA9B2AC60A6000444C47 /* HomeView.swift in Sources */ = {isa = PBXBuildFile; fileRef = 57C1AA922AC60A6000444C47 /* HomeView.swift */; };
		57C1AA9C2AC60A6000444C47 /* HomeRouter.swift in Sources */ = {isa = PBXBuildFile; fileRef = 57C1AA942AC60A6000444C47 /* HomeRouter.swift */; };
		57C1AA9E2AC60C6200444C47 /* UIViewController + Extension.swift in Sources */ = {isa = PBXBuildFile; fileRef = 57C1AA9D2AC60C6200444C47 /* UIViewController + Extension.swift */; };
		57C1AAA02AC622DE00444C47 /* UITextField + Extension.swift in Sources */ = {isa = PBXBuildFile; fileRef = 57C1AA9F2AC622DE00444C47 /* UITextField + Extension.swift */; };
		57C1AAA52AC62BA200444C47 /* CategoryCollectionViewCell.swift in Sources */ = {isa = PBXBuildFile; fileRef = 57C1AAA42AC62BA200444C47 /* CategoryCollectionViewCell.swift */; };
		57C1AAA72AC62D8C00444C47 /* CategoryesNamesCollectionViewCell.swift in Sources */ = {isa = PBXBuildFile; fileRef = 57C1AAA62AC62D8C00444C47 /* CategoryesNamesCollectionViewCell.swift */; };
		57C1AAA92AC62E3700444C47 /* HomeTableViewCell.swift in Sources */ = {isa = PBXBuildFile; fileRef = 57C1AAA82AC62E3700444C47 /* HomeTableViewCell.swift */; };
		57C1AAAD2AC637E600444C47 /* SearchViewCollectionViewCell.swift in Sources */ = {isa = PBXBuildFile; fileRef = 57C1AAAC2AC637E600444C47 /* SearchViewCollectionViewCell.swift */; };
		57C1AAB02AC6394400444C47 /* SearchResultsViewController.swift in Sources */ = {isa = PBXBuildFile; fileRef = 57C1AAAF2AC6394400444C47 /* SearchResultsViewController.swift */; };
		57C1AAB52AC644B400444C47 /* SearchResultCurrentTableViewCell.swift in Sources */ = {isa = PBXBuildFile; fileRef = 57C1AAB42AC644B400444C47 /* SearchResultCurrentTableViewCell.swift */; };
		57C1AAB72AC6456200444C47 /* AllResultsTableViewCell.swift in Sources */ = {isa = PBXBuildFile; fileRef = 57C1AAB62AC6456200444C47 /* AllResultsTableViewCell.swift */; };
		57C1AABA2AC646CE00444C47 /* CategoryViewModel.swift in Sources */ = {isa = PBXBuildFile; fileRef = 57C1AAB92AC646CE00444C47 /* CategoryViewModel.swift */; };
		57C1AABC2AC6494000444C47 /* HomeViewCategoryTableViewModel.swift in Sources */ = {isa = PBXBuildFile; fileRef = 57C1AABB2AC6494000444C47 /* HomeViewCategoryTableViewModel.swift */; };
		801A820A2AC5F5B6005ADD4A /* ProfileSettingAssembly.swift in Sources */ = {isa = PBXBuildFile; fileRef = 801A81FD2AC5F5B6005ADD4A /* ProfileSettingAssembly.swift */; };
		801A820B2AC5F5B6005ADD4A /* ProfileSettingPresenterProtocol.swift in Sources */ = {isa = PBXBuildFile; fileRef = 801A81FF2AC5F5B6005ADD4A /* ProfileSettingPresenterProtocol.swift */; };
		801A820C2AC5F5B6005ADD4A /* ProfileSettingPresenter.swift in Sources */ = {isa = PBXBuildFile; fileRef = 801A82002AC5F5B6005ADD4A /* ProfileSettingPresenter.swift */; };
		801A820D2AC5F5B6005ADD4A /* ProfileMainSettingsViewModel.swift in Sources */ = {isa = PBXBuildFile; fileRef = 801A82042AC5F5B6005ADD4A /* ProfileMainSettingsViewModel.swift */; };
		801A820E2AC5F5B6005ADD4A /* ProfileSettingViewInput.swift in Sources */ = {isa = PBXBuildFile; fileRef = 801A82052AC5F5B6005ADD4A /* ProfileSettingViewInput.swift */; };
		801A820F2AC5F5B6005ADD4A /* ProfileSettingViewController.swift in Sources */ = {isa = PBXBuildFile; fileRef = 801A82062AC5F5B6005ADD4A /* ProfileSettingViewController.swift */; };
		801A82102AC5F5B6005ADD4A /* ProfileSettingsTableViewCell.swift in Sources */ = {isa = PBXBuildFile; fileRef = 801A82072AC5F5B6005ADD4A /* ProfileSettingsTableViewCell.swift */; };
		801A82112AC5F5B6005ADD4A /* ProfileSettingRouter.swift in Sources */ = {isa = PBXBuildFile; fileRef = 801A82092AC5F5B6005ADD4A /* ProfileSettingRouter.swift */; };
		804C1F9C2AC3520D00B07C87 /* EndPointType.swift in Sources */ = {isa = PBXBuildFile; fileRef = 804C1F9B2AC3520D00B07C87 /* EndPointType.swift */; };
		804C1F9E2AC3527300B07C87 /* HTTPMethod.swift in Sources */ = {isa = PBXBuildFile; fileRef = 804C1F9D2AC3527300B07C87 /* HTTPMethod.swift */; };
		804C1FA02AC352DB00B07C87 /* HTTPTask.swift in Sources */ = {isa = PBXBuildFile; fileRef = 804C1F9F2AC352DB00B07C87 /* HTTPTask.swift */; };
		804C1FA22AC3534B00B07C87 /* ParameterEncoding.swift in Sources */ = {isa = PBXBuildFile; fileRef = 804C1FA12AC3534B00B07C87 /* ParameterEncoding.swift */; };
		804C1FA52AC3570500B07C87 /* NetworkError.swift in Sources */ = {isa = PBXBuildFile; fileRef = 804C1FA42AC3570500B07C87 /* NetworkError.swift */; };
		804C1FA72AC3577400B07C87 /* URLParameterEncoder.swift in Sources */ = {isa = PBXBuildFile; fileRef = 804C1FA62AC3577400B07C87 /* URLParameterEncoder.swift */; };
		804C1FA92AC3638C00B07C87 /* JSONParameterEncoder.swift in Sources */ = {isa = PBXBuildFile; fileRef = 804C1FA82AC3638C00B07C87 /* JSONParameterEncoder.swift */; };
		804C1FAB2AC3644B00B07C87 /* NetworkRouter.swift in Sources */ = {isa = PBXBuildFile; fileRef = 804C1FAA2AC3644B00B07C87 /* NetworkRouter.swift */; };
		804C1FAD2AC3650F00B07C87 /* Router.swift in Sources */ = {isa = PBXBuildFile; fileRef = 804C1FAC2AC3650F00B07C87 /* Router.swift */; };
		804C1FB02AC36A3600B07C87 /* URLRequest+Extension.swift in Sources */ = {isa = PBXBuildFile; fileRef = 804C1FAF2AC36A3600B07C87 /* URLRequest+Extension.swift */; };
		804C1FB22AC36B2500B07C87 /* PodcastAPI.swift in Sources */ = {isa = PBXBuildFile; fileRef = 804C1FB12AC36B2500B07C87 /* PodcastAPI.swift */; };
		804C1FB42AC36C1100B07C87 /* NetworkManager.swift in Sources */ = {isa = PBXBuildFile; fileRef = 804C1FB32AC36C1100B07C87 /* NetworkManager.swift */; };
		805D4FCB2AC0A48600905151 /* BaseCollectionViewCell.swift in Sources */ = {isa = PBXBuildFile; fileRef = 805D4FCA2AC0A48600905151 /* BaseCollectionViewCell.swift */; };
		805D4FCD2AC0A4F600905151 /* BaseTableViewCell.swift in Sources */ = {isa = PBXBuildFile; fileRef = 805D4FCC2AC0A4F600905151 /* BaseTableViewCell.swift */; };
		806C2C332ACD510900BA9B16 /* GoogleService-Info.plist in Resources */ = {isa = PBXBuildFile; fileRef = 806C2C322ACD510900BA9B16 /* GoogleService-Info.plist */; };
		809355D92ABE23710094F3AB /* AppDelegate.swift in Sources */ = {isa = PBXBuildFile; fileRef = 809355D82ABE23710094F3AB /* AppDelegate.swift */; };
		809355E22ABE23730094F3AB /* Assets.xcassets in Resources */ = {isa = PBXBuildFile; fileRef = 809355E12ABE23730094F3AB /* Assets.xcassets */; };
		809355E52ABE23730094F3AB /* LaunchScreen.storyboard in Resources */ = {isa = PBXBuildFile; fileRef = 809355E32ABE23730094F3AB /* LaunchScreen.storyboard */; };
		809355F22ABE25B90094F3AB /* MainTabBarController.swift in Sources */ = {isa = PBXBuildFile; fileRef = 809355F12ABE25B90094F3AB /* MainTabBarController.swift */; };
		809355F72ABE30790094F3AB /* UIImage + Extension.swift in Sources */ = {isa = PBXBuildFile; fileRef = 809355F62ABE30790094F3AB /* UIImage + Extension.swift */; };
		809356002ABE3B940094F3AB /* PlayerServiceProtocol.swift in Sources */ = {isa = PBXBuildFile; fileRef = 809355FF2ABE3B940094F3AB /* PlayerServiceProtocol.swift */; };
		809356022ABE3BA60094F3AB /* PlayerService.swift in Sources */ = {isa = PBXBuildFile; fileRef = 809356012ABE3BA60094F3AB /* PlayerService.swift */; };
		809356042ABE3CD30094F3AB /* UIColor + Extension.swift in Sources */ = {isa = PBXBuildFile; fileRef = 809356032ABE3CD30094F3AB /* UIColor + Extension.swift */; };
		8093564B2ABE40840094F3AB /* SavingManagerProtocol.swift in Sources */ = {isa = PBXBuildFile; fileRef = 8093564A2ABE40840094F3AB /* SavingManagerProtocol.swift */; };
		8093564D2ABE40990094F3AB /* SavingManager.swift in Sources */ = {isa = PBXBuildFile; fileRef = 8093564C2ABE40990094F3AB /* SavingManager.swift */; };
		809356502ABE414A0094F3AB /* BaseViewController.swift in Sources */ = {isa = PBXBuildFile; fileRef = 8093564F2ABE414A0094F3AB /* BaseViewController.swift */; };
		80A15BB42ACC92F800134469 /* SnapKit in Frameworks */ = {isa = PBXBuildFile; productRef = 80A15BB32ACC92F800134469 /* SnapKit */; };
		80A15BB72ACC931800134469 /* GoogleSignIn in Frameworks */ = {isa = PBXBuildFile; productRef = 80A15BB62ACC931800134469 /* GoogleSignIn */; };
		80A15BB92ACC931800134469 /* GoogleSignInSwift in Frameworks */ = {isa = PBXBuildFile; productRef = 80A15BB82ACC931800134469 /* GoogleSignInSwift */; };
		80A15BBC2ACC935F00134469 /* FirebaseAnalytics in Frameworks */ = {isa = PBXBuildFile; productRef = 80A15BBB2ACC935F00134469 /* FirebaseAnalytics */; };
		80A15BBE2ACC935F00134469 /* FirebaseAnalyticsOnDeviceConversion in Frameworks */ = {isa = PBXBuildFile; productRef = 80A15BBD2ACC935F00134469 /* FirebaseAnalyticsOnDeviceConversion */; };
		80A15BC02ACC935F00134469 /* FirebaseAnalyticsSwift in Frameworks */ = {isa = PBXBuildFile; productRef = 80A15BBF2ACC935F00134469 /* FirebaseAnalyticsSwift */; };
		80A15BC22ACC935F00134469 /* FirebaseAnalyticsWithoutAdIdSupport in Frameworks */ = {isa = PBXBuildFile; productRef = 80A15BC12ACC935F00134469 /* FirebaseAnalyticsWithoutAdIdSupport */; };
		80A15BC42ACC935F00134469 /* FirebaseAppCheck in Frameworks */ = {isa = PBXBuildFile; productRef = 80A15BC32ACC935F00134469 /* FirebaseAppCheck */; };
		80A15BC62ACC935F00134469 /* FirebaseAppDistribution-Beta in Frameworks */ = {isa = PBXBuildFile; productRef = 80A15BC52ACC935F00134469 /* FirebaseAppDistribution-Beta */; };
		80A15BC82ACC935F00134469 /* FirebaseAuth in Frameworks */ = {isa = PBXBuildFile; productRef = 80A15BC72ACC935F00134469 /* FirebaseAuth */; };
		80A15BCA2ACC935F00134469 /* FirebaseAuthCombine-Community in Frameworks */ = {isa = PBXBuildFile; productRef = 80A15BC92ACC935F00134469 /* FirebaseAuthCombine-Community */; };
		80A15BCC2ACC935F00134469 /* FirebaseCrashlytics in Frameworks */ = {isa = PBXBuildFile; productRef = 80A15BCB2ACC935F00134469 /* FirebaseCrashlytics */; };
		80A15BCE2ACC935F00134469 /* FirebaseDatabase in Frameworks */ = {isa = PBXBuildFile; productRef = 80A15BCD2ACC935F00134469 /* FirebaseDatabase */; };
		80A15BD02ACC935F00134469 /* FirebaseDatabaseSwift in Frameworks */ = {isa = PBXBuildFile; productRef = 80A15BCF2ACC935F00134469 /* FirebaseDatabaseSwift */; };
		80A15BD22ACC935F00134469 /* FirebaseDynamicLinks in Frameworks */ = {isa = PBXBuildFile; productRef = 80A15BD12ACC935F00134469 /* FirebaseDynamicLinks */; };
		80A15BD42ACC935F00134469 /* FirebaseFirestore in Frameworks */ = {isa = PBXBuildFile; productRef = 80A15BD32ACC935F00134469 /* FirebaseFirestore */; };
		80A15BD62ACC935F00134469 /* FirebaseFirestoreCombine-Community in Frameworks */ = {isa = PBXBuildFile; productRef = 80A15BD52ACC935F00134469 /* FirebaseFirestoreCombine-Community */; };
		80A15BD82ACC935F00134469 /* FirebaseFirestoreSwift in Frameworks */ = {isa = PBXBuildFile; productRef = 80A15BD72ACC935F00134469 /* FirebaseFirestoreSwift */; };
		80A15BDA2ACC935F00134469 /* FirebaseFunctions in Frameworks */ = {isa = PBXBuildFile; productRef = 80A15BD92ACC935F00134469 /* FirebaseFunctions */; };
		80A15BDC2ACC935F00134469 /* FirebaseFunctionsCombine-Community in Frameworks */ = {isa = PBXBuildFile; productRef = 80A15BDB2ACC935F00134469 /* FirebaseFunctionsCombine-Community */; };
		80A15BDE2ACC935F00134469 /* FirebaseInAppMessaging-Beta in Frameworks */ = {isa = PBXBuildFile; productRef = 80A15BDD2ACC935F00134469 /* FirebaseInAppMessaging-Beta */; };
		80A15BE02ACC935F00134469 /* FirebaseInAppMessagingSwift-Beta in Frameworks */ = {isa = PBXBuildFile; productRef = 80A15BDF2ACC935F00134469 /* FirebaseInAppMessagingSwift-Beta */; };
		80A15BE22ACC935F00134469 /* FirebaseInstallations in Frameworks */ = {isa = PBXBuildFile; productRef = 80A15BE12ACC935F00134469 /* FirebaseInstallations */; };
		80A15BE42ACC935F00134469 /* FirebaseMLModelDownloader in Frameworks */ = {isa = PBXBuildFile; productRef = 80A15BE32ACC935F00134469 /* FirebaseMLModelDownloader */; };
		80A15BE62ACC935F00134469 /* FirebaseMessaging in Frameworks */ = {isa = PBXBuildFile; productRef = 80A15BE52ACC935F00134469 /* FirebaseMessaging */; };
		80A15BE82ACC935F00134469 /* FirebasePerformance in Frameworks */ = {isa = PBXBuildFile; productRef = 80A15BE72ACC935F00134469 /* FirebasePerformance */; };
		80A15BEA2ACC935F00134469 /* FirebaseRemoteConfig in Frameworks */ = {isa = PBXBuildFile; productRef = 80A15BE92ACC935F00134469 /* FirebaseRemoteConfig */; };
		80A15BEC2ACC935F00134469 /* FirebaseRemoteConfigSwift in Frameworks */ = {isa = PBXBuildFile; productRef = 80A15BEB2ACC935F00134469 /* FirebaseRemoteConfigSwift */; };
		80A15BEE2ACC935F00134469 /* FirebaseStorage in Frameworks */ = {isa = PBXBuildFile; productRef = 80A15BED2ACC935F00134469 /* FirebaseStorage */; };
		80A15BF02ACC935F00134469 /* FirebaseStorageCombine-Community in Frameworks */ = {isa = PBXBuildFile; productRef = 80A15BEF2ACC935F00134469 /* FirebaseStorageCombine-Community */; };
		80A15BF32ACC941000134469 /* AuthView.swift in Sources */ = {isa = PBXBuildFile; fileRef = 80A15BF22ACC941000134469 /* AuthView.swift */; };
		80A15BF52ACCA74300134469 /* AuthTextField.swift in Sources */ = {isa = PBXBuildFile; fileRef = 80A15BF42ACCA74300134469 /* AuthTextField.swift */; };
		80ED76262ACC81F4008B93DB /* AuthRouterInput.swift in Sources */ = {isa = PBXBuildFile; fileRef = 80ED76252ACC81F4008B93DB /* AuthRouterInput.swift */; };
		80ED76282ACC8206008B93DB /* AuthRouter.swift in Sources */ = {isa = PBXBuildFile; fileRef = 80ED76272ACC8206008B93DB /* AuthRouter.swift */; };
		80ED762A2ACC8237008B93DB /* AuthPresenter.swift in Sources */ = {isa = PBXBuildFile; fileRef = 80ED76292ACC8237008B93DB /* AuthPresenter.swift */; };
		80ED762C2ACC8243008B93DB /* AuthPresenterProtocol.swift in Sources */ = {isa = PBXBuildFile; fileRef = 80ED762B2ACC8243008B93DB /* AuthPresenterProtocol.swift */; };
		80ED762E2ACC8284008B93DB /* AuthInteractor.swift in Sources */ = {isa = PBXBuildFile; fileRef = 80ED762D2ACC8284008B93DB /* AuthInteractor.swift */; };
		80ED76302ACC828E008B93DB /* AuthInteractorInput.swift in Sources */ = {isa = PBXBuildFile; fileRef = 80ED762F2ACC828E008B93DB /* AuthInteractorInput.swift */; };
		80ED76322ACC82C3008B93DB /* AuthViewController.swift in Sources */ = {isa = PBXBuildFile; fileRef = 80ED76312ACC82C3008B93DB /* AuthViewController.swift */; };
		80ED76342ACC82CB008B93DB /* AuthViewInput.swift in Sources */ = {isa = PBXBuildFile; fileRef = 80ED76332ACC82CB008B93DB /* AuthViewInput.swift */; };
		80ED76372ACC8345008B93DB /* AuthService.swift in Sources */ = {isa = PBXBuildFile; fileRef = 80ED76362ACC8345008B93DB /* AuthService.swift */; };
		80ED76392ACC8D92008B93DB /* AuthAssembly.swift in Sources */ = {isa = PBXBuildFile; fileRef = 80ED76382ACC8D92008B93DB /* AuthAssembly.swift */; };
		80F17BEE2ACCD9280063A245 /* AuthError.swift in Sources */ = {isa = PBXBuildFile; fileRef = 80F17BED2ACCD9280063A245 /* AuthError.swift */; };
		80F17BF32ACCDDF00063A245 /* ProgressHUD in Frameworks */ = {isa = PBXBuildFile; productRef = 80F17BF22ACCDDF00063A245 /* ProgressHUD */; };
/* End PBXBuildFile section */

/* Begin PBXFileReference section */
		43F768BF2ACDBE5100321CEC /* AccountSettingAssembly.swift */ = {isa = PBXFileReference; fileEncoding = 4; lastKnownFileType = sourcecode.swift; path = AccountSettingAssembly.swift; sourceTree = "<group>"; };
		43F768C12ACDBE5100321CEC /* AccountSettingPresenter.swift */ = {isa = PBXFileReference; fileEncoding = 4; lastKnownFileType = sourcecode.swift; path = AccountSettingPresenter.swift; sourceTree = "<group>"; };
		43F768C22ACDBE5100321CEC /* AccountSettingPresenterProtocol.swift */ = {isa = PBXFileReference; fileEncoding = 4; lastKnownFileType = sourcecode.swift; path = AccountSettingPresenterProtocol.swift; sourceTree = "<group>"; };
		43F768C42ACDBE5100321CEC /* AccountSettingViewController.swift */ = {isa = PBXFileReference; fileEncoding = 4; lastKnownFileType = sourcecode.swift; path = AccountSettingViewController.swift; sourceTree = "<group>"; };
		43F768C52ACDBE5100321CEC /* AccountSettingViewInput.swift */ = {isa = PBXFileReference; fileEncoding = 4; lastKnownFileType = sourcecode.swift; path = AccountSettingViewInput.swift; sourceTree = "<group>"; };
		43F768C72ACDBE5100321CEC /* AccountSettingRouter.swift */ = {isa = PBXFileReference; fileEncoding = 4; lastKnownFileType = sourcecode.swift; path = AccountSettingRouter.swift; sourceTree = "<group>"; };
		578CF0D52ACE0A0E006B50C5 /* EpisodeDetailModel.swift */ = {isa = PBXFileReference; fileEncoding = 4; lastKnownFileType = sourcecode.swift; path = EpisodeDetailModel.swift; sourceTree = "<group>"; };
		578CF0D62ACE0A0E006B50C5 /* SearchResultModel.swift */ = {isa = PBXFileReference; fileEncoding = 4; lastKnownFileType = sourcecode.swift; path = SearchResultModel.swift; sourceTree = "<group>"; };
		578CF0D72ACE0A0F006B50C5 /* TrendingsNamesModel.swift */ = {isa = PBXFileReference; fileEncoding = 4; lastKnownFileType = sourcecode.swift; path = TrendingsNamesModel.swift; sourceTree = "<group>"; };
		57A5BAC12AC72A750036557A /* SearchResultViewModel.swift */ = {isa = PBXFileReference; lastKnownFileType = sourcecode.swift; path = SearchResultViewModel.swift; sourceTree = "<group>"; };
		57A5BAC32AC72B730036557A /* SearchResultAllPodcastsViewModel.swift */ = {isa = PBXFileReference; lastKnownFileType = sourcecode.swift; path = SearchResultAllPodcastsViewModel.swift; sourceTree = "<group>"; };
		57A5BAC52AC7530D0036557A /* SearchGenresViewModel.swift */ = {isa = PBXFileReference; lastKnownFileType = sourcecode.swift; path = SearchGenresViewModel.swift; sourceTree = "<group>"; };
		57C1AA892AC60A6000444C47 /* HomeAssembly.swift */ = {isa = PBXFileReference; fileEncoding = 4; lastKnownFileType = sourcecode.swift; path = HomeAssembly.swift; sourceTree = "<group>"; };
		57C1AA8B2AC60A6000444C47 /* HomePresenterProtocol.swift */ = {isa = PBXFileReference; fileEncoding = 4; lastKnownFileType = sourcecode.swift; path = HomePresenterProtocol.swift; sourceTree = "<group>"; };
		57C1AA8C2AC60A6000444C47 /* HomePresenter.swift */ = {isa = PBXFileReference; fileEncoding = 4; lastKnownFileType = sourcecode.swift; path = HomePresenter.swift; sourceTree = "<group>"; };
		57C1AA8E2AC60A6000444C47 /* HomeViewController.swift */ = {isa = PBXFileReference; fileEncoding = 4; lastKnownFileType = sourcecode.swift; path = HomeViewController.swift; sourceTree = "<group>"; };
		57C1AA8F2AC60A6000444C47 /* HomeViewInput.swift */ = {isa = PBXFileReference; fileEncoding = 4; lastKnownFileType = sourcecode.swift; path = HomeViewInput.swift; sourceTree = "<group>"; };
		57C1AA912AC60A6000444C47 /* SearchView.swift */ = {isa = PBXFileReference; fileEncoding = 4; lastKnownFileType = sourcecode.swift; path = SearchView.swift; sourceTree = "<group>"; };
		57C1AA922AC60A6000444C47 /* HomeView.swift */ = {isa = PBXFileReference; fileEncoding = 4; lastKnownFileType = sourcecode.swift; path = HomeView.swift; sourceTree = "<group>"; };
		57C1AA942AC60A6000444C47 /* HomeRouter.swift */ = {isa = PBXFileReference; fileEncoding = 4; lastKnownFileType = sourcecode.swift; path = HomeRouter.swift; sourceTree = "<group>"; };
		57C1AA9D2AC60C6200444C47 /* UIViewController + Extension.swift */ = {isa = PBXFileReference; lastKnownFileType = sourcecode.swift; path = "UIViewController + Extension.swift"; sourceTree = "<group>"; };
		57C1AA9F2AC622DE00444C47 /* UITextField + Extension.swift */ = {isa = PBXFileReference; lastKnownFileType = sourcecode.swift; path = "UITextField + Extension.swift"; sourceTree = "<group>"; };
		57C1AAA42AC62BA200444C47 /* CategoryCollectionViewCell.swift */ = {isa = PBXFileReference; lastKnownFileType = sourcecode.swift; path = CategoryCollectionViewCell.swift; sourceTree = "<group>"; };
		57C1AAA62AC62D8C00444C47 /* CategoryesNamesCollectionViewCell.swift */ = {isa = PBXFileReference; lastKnownFileType = sourcecode.swift; path = CategoryesNamesCollectionViewCell.swift; sourceTree = "<group>"; };
		57C1AAA82AC62E3700444C47 /* HomeTableViewCell.swift */ = {isa = PBXFileReference; lastKnownFileType = sourcecode.swift; path = HomeTableViewCell.swift; sourceTree = "<group>"; };
		57C1AAAC2AC637E600444C47 /* SearchViewCollectionViewCell.swift */ = {isa = PBXFileReference; lastKnownFileType = sourcecode.swift; path = SearchViewCollectionViewCell.swift; sourceTree = "<group>"; };
		57C1AAAF2AC6394400444C47 /* SearchResultsViewController.swift */ = {isa = PBXFileReference; lastKnownFileType = sourcecode.swift; path = SearchResultsViewController.swift; sourceTree = "<group>"; };
		57C1AAB42AC644B400444C47 /* SearchResultCurrentTableViewCell.swift */ = {isa = PBXFileReference; lastKnownFileType = sourcecode.swift; path = SearchResultCurrentTableViewCell.swift; sourceTree = "<group>"; };
		57C1AAB62AC6456200444C47 /* AllResultsTableViewCell.swift */ = {isa = PBXFileReference; lastKnownFileType = sourcecode.swift; path = AllResultsTableViewCell.swift; sourceTree = "<group>"; };
		57C1AAB92AC646CE00444C47 /* CategoryViewModel.swift */ = {isa = PBXFileReference; lastKnownFileType = sourcecode.swift; path = CategoryViewModel.swift; sourceTree = "<group>"; };
		57C1AABB2AC6494000444C47 /* HomeViewCategoryTableViewModel.swift */ = {isa = PBXFileReference; lastKnownFileType = sourcecode.swift; path = HomeViewCategoryTableViewModel.swift; sourceTree = "<group>"; };
		801A81FD2AC5F5B6005ADD4A /* ProfileSettingAssembly.swift */ = {isa = PBXFileReference; fileEncoding = 4; lastKnownFileType = sourcecode.swift; path = ProfileSettingAssembly.swift; sourceTree = "<group>"; };
		801A81FF2AC5F5B6005ADD4A /* ProfileSettingPresenterProtocol.swift */ = {isa = PBXFileReference; fileEncoding = 4; lastKnownFileType = sourcecode.swift; path = ProfileSettingPresenterProtocol.swift; sourceTree = "<group>"; };
		801A82002AC5F5B6005ADD4A /* ProfileSettingPresenter.swift */ = {isa = PBXFileReference; fileEncoding = 4; lastKnownFileType = sourcecode.swift; path = ProfileSettingPresenter.swift; sourceTree = "<group>"; };
		801A82042AC5F5B6005ADD4A /* ProfileMainSettingsViewModel.swift */ = {isa = PBXFileReference; fileEncoding = 4; lastKnownFileType = sourcecode.swift; path = ProfileMainSettingsViewModel.swift; sourceTree = "<group>"; };
		801A82052AC5F5B6005ADD4A /* ProfileSettingViewInput.swift */ = {isa = PBXFileReference; fileEncoding = 4; lastKnownFileType = sourcecode.swift; path = ProfileSettingViewInput.swift; sourceTree = "<group>"; };
		801A82062AC5F5B6005ADD4A /* ProfileSettingViewController.swift */ = {isa = PBXFileReference; fileEncoding = 4; lastKnownFileType = sourcecode.swift; path = ProfileSettingViewController.swift; sourceTree = "<group>"; };
		801A82072AC5F5B6005ADD4A /* ProfileSettingsTableViewCell.swift */ = {isa = PBXFileReference; fileEncoding = 4; lastKnownFileType = sourcecode.swift; path = ProfileSettingsTableViewCell.swift; sourceTree = "<group>"; };
		801A82092AC5F5B6005ADD4A /* ProfileSettingRouter.swift */ = {isa = PBXFileReference; fileEncoding = 4; lastKnownFileType = sourcecode.swift; path = ProfileSettingRouter.swift; sourceTree = "<group>"; };
		804C1F9B2AC3520D00B07C87 /* EndPointType.swift */ = {isa = PBXFileReference; lastKnownFileType = sourcecode.swift; path = EndPointType.swift; sourceTree = "<group>"; };
		804C1F9D2AC3527300B07C87 /* HTTPMethod.swift */ = {isa = PBXFileReference; lastKnownFileType = sourcecode.swift; path = HTTPMethod.swift; sourceTree = "<group>"; };
		804C1F9F2AC352DB00B07C87 /* HTTPTask.swift */ = {isa = PBXFileReference; lastKnownFileType = sourcecode.swift; path = HTTPTask.swift; sourceTree = "<group>"; };
		804C1FA12AC3534B00B07C87 /* ParameterEncoding.swift */ = {isa = PBXFileReference; lastKnownFileType = sourcecode.swift; path = ParameterEncoding.swift; sourceTree = "<group>"; };
		804C1FA42AC3570500B07C87 /* NetworkError.swift */ = {isa = PBXFileReference; lastKnownFileType = sourcecode.swift; path = NetworkError.swift; sourceTree = "<group>"; };
		804C1FA62AC3577400B07C87 /* URLParameterEncoder.swift */ = {isa = PBXFileReference; lastKnownFileType = sourcecode.swift; path = URLParameterEncoder.swift; sourceTree = "<group>"; };
		804C1FA82AC3638C00B07C87 /* JSONParameterEncoder.swift */ = {isa = PBXFileReference; lastKnownFileType = sourcecode.swift; path = JSONParameterEncoder.swift; sourceTree = "<group>"; };
		804C1FAA2AC3644B00B07C87 /* NetworkRouter.swift */ = {isa = PBXFileReference; lastKnownFileType = sourcecode.swift; path = NetworkRouter.swift; sourceTree = "<group>"; };
		804C1FAC2AC3650F00B07C87 /* Router.swift */ = {isa = PBXFileReference; lastKnownFileType = sourcecode.swift; path = Router.swift; sourceTree = "<group>"; };
		804C1FAF2AC36A3600B07C87 /* URLRequest+Extension.swift */ = {isa = PBXFileReference; lastKnownFileType = sourcecode.swift; path = "URLRequest+Extension.swift"; sourceTree = "<group>"; };
		804C1FB12AC36B2500B07C87 /* PodcastAPI.swift */ = {isa = PBXFileReference; lastKnownFileType = sourcecode.swift; path = PodcastAPI.swift; sourceTree = "<group>"; };
		804C1FB32AC36C1100B07C87 /* NetworkManager.swift */ = {isa = PBXFileReference; lastKnownFileType = sourcecode.swift; path = NetworkManager.swift; sourceTree = "<group>"; };
		805D4FCA2AC0A48600905151 /* BaseCollectionViewCell.swift */ = {isa = PBXFileReference; lastKnownFileType = sourcecode.swift; path = BaseCollectionViewCell.swift; sourceTree = "<group>"; };
		805D4FCC2AC0A4F600905151 /* BaseTableViewCell.swift */ = {isa = PBXFileReference; lastKnownFileType = sourcecode.swift; path = BaseTableViewCell.swift; sourceTree = "<group>"; };
		806C2C322ACD510900BA9B16 /* GoogleService-Info.plist */ = {isa = PBXFileReference; fileEncoding = 4; lastKnownFileType = text.plist.xml; path = "GoogleService-Info.plist"; sourceTree = "<group>"; };
		809355D52ABE23710094F3AB /* PodcastApp.app */ = {isa = PBXFileReference; explicitFileType = wrapper.application; includeInIndex = 0; path = PodcastApp.app; sourceTree = BUILT_PRODUCTS_DIR; };
		809355D82ABE23710094F3AB /* AppDelegate.swift */ = {isa = PBXFileReference; lastKnownFileType = sourcecode.swift; path = AppDelegate.swift; sourceTree = "<group>"; };
		809355E12ABE23730094F3AB /* Assets.xcassets */ = {isa = PBXFileReference; lastKnownFileType = folder.assetcatalog; path = Assets.xcassets; sourceTree = "<group>"; };
		809355E42ABE23730094F3AB /* Base */ = {isa = PBXFileReference; lastKnownFileType = file.storyboard; name = Base; path = Base.lproj/LaunchScreen.storyboard; sourceTree = "<group>"; };
		809355E62ABE23730094F3AB /* Info.plist */ = {isa = PBXFileReference; lastKnownFileType = text.plist.xml; path = Info.plist; sourceTree = "<group>"; };
		809355F12ABE25B90094F3AB /* MainTabBarController.swift */ = {isa = PBXFileReference; lastKnownFileType = sourcecode.swift; path = MainTabBarController.swift; sourceTree = "<group>"; };
		809355F62ABE30790094F3AB /* UIImage + Extension.swift */ = {isa = PBXFileReference; lastKnownFileType = sourcecode.swift; path = "UIImage + Extension.swift"; sourceTree = "<group>"; };
		809355FF2ABE3B940094F3AB /* PlayerServiceProtocol.swift */ = {isa = PBXFileReference; lastKnownFileType = sourcecode.swift; path = PlayerServiceProtocol.swift; sourceTree = "<group>"; };
		809356012ABE3BA60094F3AB /* PlayerService.swift */ = {isa = PBXFileReference; lastKnownFileType = sourcecode.swift; path = PlayerService.swift; sourceTree = "<group>"; };
		809356032ABE3CD30094F3AB /* UIColor + Extension.swift */ = {isa = PBXFileReference; lastKnownFileType = sourcecode.swift; path = "UIColor + Extension.swift"; sourceTree = "<group>"; };
		8093564A2ABE40840094F3AB /* SavingManagerProtocol.swift */ = {isa = PBXFileReference; lastKnownFileType = sourcecode.swift; path = SavingManagerProtocol.swift; sourceTree = "<group>"; };
		8093564C2ABE40990094F3AB /* SavingManager.swift */ = {isa = PBXFileReference; lastKnownFileType = sourcecode.swift; path = SavingManager.swift; sourceTree = "<group>"; };
		8093564F2ABE414A0094F3AB /* BaseViewController.swift */ = {isa = PBXFileReference; lastKnownFileType = sourcecode.swift; path = BaseViewController.swift; sourceTree = "<group>"; };
		80A15BF22ACC941000134469 /* AuthView.swift */ = {isa = PBXFileReference; lastKnownFileType = sourcecode.swift; path = AuthView.swift; sourceTree = "<group>"; };
		80A15BF42ACCA74300134469 /* AuthTextField.swift */ = {isa = PBXFileReference; lastKnownFileType = sourcecode.swift; path = AuthTextField.swift; sourceTree = "<group>"; };
		80ED76252ACC81F4008B93DB /* AuthRouterInput.swift */ = {isa = PBXFileReference; lastKnownFileType = sourcecode.swift; path = AuthRouterInput.swift; sourceTree = "<group>"; };
		80ED76272ACC8206008B93DB /* AuthRouter.swift */ = {isa = PBXFileReference; lastKnownFileType = sourcecode.swift; path = AuthRouter.swift; sourceTree = "<group>"; };
		80ED76292ACC8237008B93DB /* AuthPresenter.swift */ = {isa = PBXFileReference; lastKnownFileType = sourcecode.swift; path = AuthPresenter.swift; sourceTree = "<group>"; };
		80ED762B2ACC8243008B93DB /* AuthPresenterProtocol.swift */ = {isa = PBXFileReference; lastKnownFileType = sourcecode.swift; path = AuthPresenterProtocol.swift; sourceTree = "<group>"; };
		80ED762D2ACC8284008B93DB /* AuthInteractor.swift */ = {isa = PBXFileReference; lastKnownFileType = sourcecode.swift; path = AuthInteractor.swift; sourceTree = "<group>"; };
		80ED762F2ACC828E008B93DB /* AuthInteractorInput.swift */ = {isa = PBXFileReference; lastKnownFileType = sourcecode.swift; path = AuthInteractorInput.swift; sourceTree = "<group>"; };
		80ED76312ACC82C3008B93DB /* AuthViewController.swift */ = {isa = PBXFileReference; lastKnownFileType = sourcecode.swift; path = AuthViewController.swift; sourceTree = "<group>"; };
		80ED76332ACC82CB008B93DB /* AuthViewInput.swift */ = {isa = PBXFileReference; lastKnownFileType = sourcecode.swift; path = AuthViewInput.swift; sourceTree = "<group>"; };
		80ED76362ACC8345008B93DB /* AuthService.swift */ = {isa = PBXFileReference; lastKnownFileType = sourcecode.swift; path = AuthService.swift; sourceTree = "<group>"; };
		80ED76382ACC8D92008B93DB /* AuthAssembly.swift */ = {isa = PBXFileReference; lastKnownFileType = sourcecode.swift; path = AuthAssembly.swift; sourceTree = "<group>"; };
		80F17BED2ACCD9280063A245 /* AuthError.swift */ = {isa = PBXFileReference; lastKnownFileType = sourcecode.swift; path = AuthError.swift; sourceTree = "<group>"; };
/* End PBXFileReference section */

/* Begin PBXFrameworksBuildPhase section */
		809355D22ABE23710094F3AB /* Frameworks */ = {
			isa = PBXFrameworksBuildPhase;
			buildActionMask = 2147483647;
			files = (
				80A15BE02ACC935F00134469 /* FirebaseInAppMessagingSwift-Beta in Frameworks */,
				80A15BD02ACC935F00134469 /* FirebaseDatabaseSwift in Frameworks */,
				80A15BCE2ACC935F00134469 /* FirebaseDatabase in Frameworks */,
				80A15BE42ACC935F00134469 /* FirebaseMLModelDownloader in Frameworks */,
				80A15BC42ACC935F00134469 /* FirebaseAppCheck in Frameworks */,
				80A15BDC2ACC935F00134469 /* FirebaseFunctionsCombine-Community in Frameworks */,
				80A15BE22ACC935F00134469 /* FirebaseInstallations in Frameworks */,
				80A15BE62ACC935F00134469 /* FirebaseMessaging in Frameworks */,
				80A15BC82ACC935F00134469 /* FirebaseAuth in Frameworks */,
				80F17BF32ACCDDF00063A245 /* ProgressHUD in Frameworks */,
				80A15BEA2ACC935F00134469 /* FirebaseRemoteConfig in Frameworks */,
				80A15BC02ACC935F00134469 /* FirebaseAnalyticsSwift in Frameworks */,
				80A15BEE2ACC935F00134469 /* FirebaseStorage in Frameworks */,
				80A15BE82ACC935F00134469 /* FirebasePerformance in Frameworks */,
				80A15BD42ACC935F00134469 /* FirebaseFirestore in Frameworks */,
				80A15BB92ACC931800134469 /* GoogleSignInSwift in Frameworks */,
				80A15BDE2ACC935F00134469 /* FirebaseInAppMessaging-Beta in Frameworks */,
				80A15BB42ACC92F800134469 /* SnapKit in Frameworks */,
				80A15BBE2ACC935F00134469 /* FirebaseAnalyticsOnDeviceConversion in Frameworks */,
				80A15BEC2ACC935F00134469 /* FirebaseRemoteConfigSwift in Frameworks */,
				578CF0DE2ACE0FB5006B50C5 /* Kingfisher in Frameworks */,
				80A15BCA2ACC935F00134469 /* FirebaseAuthCombine-Community in Frameworks */,
				80A15BDA2ACC935F00134469 /* FirebaseFunctions in Frameworks */,
				80A15BC22ACC935F00134469 /* FirebaseAnalyticsWithoutAdIdSupport in Frameworks */,
				80A15BF02ACC935F00134469 /* FirebaseStorageCombine-Community in Frameworks */,
				80A15BD62ACC935F00134469 /* FirebaseFirestoreCombine-Community in Frameworks */,
				80A15BBC2ACC935F00134469 /* FirebaseAnalytics in Frameworks */,
				80A15BCC2ACC935F00134469 /* FirebaseCrashlytics in Frameworks */,
				80A15BB72ACC931800134469 /* GoogleSignIn in Frameworks */,
				80A15BC62ACC935F00134469 /* FirebaseAppDistribution-Beta in Frameworks */,
				80A15BD22ACC935F00134469 /* FirebaseDynamicLinks in Frameworks */,
				80A15BD82ACC935F00134469 /* FirebaseFirestoreSwift in Frameworks */,
			);
			runOnlyForDeploymentPostprocessing = 0;
		};
/* End PBXFrameworksBuildPhase section */

/* Begin PBXGroup section */
		43F768BD2ACDBE5100321CEC /* AccountSetting */ = {
			isa = PBXGroup;
			children = (
				43F768BE2ACDBE5100321CEC /* Assembly */,
				43F768C02ACDBE5100321CEC /* Presenter */,
				43F768C32ACDBE5100321CEC /* View */,
				43F768C62ACDBE5100321CEC /* Router */,
			);
			path = AccountSetting;
			sourceTree = "<group>";
		};
		43F768BE2ACDBE5100321CEC /* Assembly */ = {
			isa = PBXGroup;
			children = (
				43F768BF2ACDBE5100321CEC /* AccountSettingAssembly.swift */,
			);
			path = Assembly;
			sourceTree = "<group>";
		};
		43F768C02ACDBE5100321CEC /* Presenter */ = {
			isa = PBXGroup;
			children = (
				43F768C12ACDBE5100321CEC /* AccountSettingPresenter.swift */,
				43F768C22ACDBE5100321CEC /* AccountSettingPresenterProtocol.swift */,
			);
			path = Presenter;
			sourceTree = "<group>";
		};
		43F768C32ACDBE5100321CEC /* View */ = {
			isa = PBXGroup;
			children = (
				43F768C42ACDBE5100321CEC /* AccountSettingViewController.swift */,
				43F768C52ACDBE5100321CEC /* AccountSettingViewInput.swift */,
			);
			path = View;
			sourceTree = "<group>";
		};
		43F768C62ACDBE5100321CEC /* Router */ = {
			isa = PBXGroup;
			children = (
				43F768C72ACDBE5100321CEC /* AccountSettingRouter.swift */,
			);
			path = Router;
			sourceTree = "<group>";
		};
		578CF0DB2ACE0A20006B50C5 /* DecodingModels */ = {
			isa = PBXGroup;
			children = (
				578CF0D52ACE0A0E006B50C5 /* EpisodeDetailModel.swift */,
				578CF0D62ACE0A0E006B50C5 /* SearchResultModel.swift */,
				578CF0D72ACE0A0F006B50C5 /* TrendingsNamesModel.swift */,
			);
			path = DecodingModels;
			sourceTree = "<group>";
		};
		57A5BAC02AC72A230036557A /* ViewModels */ = {
			isa = PBXGroup;
			children = (
				57A5BAC12AC72A750036557A /* SearchResultViewModel.swift */,
				57A5BAC32AC72B730036557A /* SearchResultAllPodcastsViewModel.swift */,
			);
			path = ViewModels;
			sourceTree = "<group>";
		};
		57A5BAC72AC753350036557A /* ViewModel */ = {
			isa = PBXGroup;
			children = (
				57A5BAC52AC7530D0036557A /* SearchGenresViewModel.swift */,
			);
			path = ViewModel;
			sourceTree = "<group>";
		};
		57C1AA872AC60A6000444C47 /* Home */ = {
			isa = PBXGroup;
			children = (
				57C1AA882AC60A6000444C47 /* Assembly */,
				57C1AA8A2AC60A6000444C47 /* Presenter */,
				57C1AA8D2AC60A6000444C47 /* View */,
				57C1AA932AC60A6000444C47 /* Router */,
			);
			path = Home;
			sourceTree = "<group>";
		};
		57C1AA882AC60A6000444C47 /* Assembly */ = {
			isa = PBXGroup;
			children = (
				57C1AA892AC60A6000444C47 /* HomeAssembly.swift */,
			);
			path = Assembly;
			sourceTree = "<group>";
		};
		57C1AA8A2AC60A6000444C47 /* Presenter */ = {
			isa = PBXGroup;
			children = (
				57C1AA8B2AC60A6000444C47 /* HomePresenterProtocol.swift */,
				57C1AA8C2AC60A6000444C47 /* HomePresenter.swift */,
			);
			path = Presenter;
			sourceTree = "<group>";
		};
		57C1AA8D2AC60A6000444C47 /* View */ = {
			isa = PBXGroup;
			children = (
				57C1AA8E2AC60A6000444C47 /* HomeViewController.swift */,
				57C1AA8F2AC60A6000444C47 /* HomeViewInput.swift */,
				57C1AA902AC60A6000444C47 /* Views */,
			);
			path = View;
			sourceTree = "<group>";
		};
		57C1AA902AC60A6000444C47 /* Views */ = {
			isa = PBXGroup;
			children = (
				57C1AAA22AC62B4F00444C47 /* HomeView */,
				57C1AAAA2AC637A700444C47 /* SearchView */,
				57C1AAAE2AC638B600444C47 /* SearchResult */,
			);
			path = Views;
			sourceTree = "<group>";
		};
		57C1AA932AC60A6000444C47 /* Router */ = {
			isa = PBXGroup;
			children = (
				57C1AA942AC60A6000444C47 /* HomeRouter.swift */,
			);
			path = Router;
			sourceTree = "<group>";
		};
		57C1AAA22AC62B4F00444C47 /* HomeView */ = {
			isa = PBXGroup;
			children = (
				57C1AAA32AC62B5E00444C47 /* Cells */,
				57C1AA922AC60A6000444C47 /* HomeView.swift */,
			);
			path = HomeView;
			sourceTree = "<group>";
		};
		57C1AAA32AC62B5E00444C47 /* Cells */ = {
			isa = PBXGroup;
			children = (
				57C1AAB82AC6469700444C47 /* ViewModels */,
				57C1AAA42AC62BA200444C47 /* CategoryCollectionViewCell.swift */,
				57C1AAA62AC62D8C00444C47 /* CategoryesNamesCollectionViewCell.swift */,
				57C1AAA82AC62E3700444C47 /* HomeTableViewCell.swift */,
			);
			path = Cells;
			sourceTree = "<group>";
		};
		57C1AAAA2AC637A700444C47 /* SearchView */ = {
			isa = PBXGroup;
			children = (
				57C1AAAB2AC637BF00444C47 /* Cells */,
				57C1AA912AC60A6000444C47 /* SearchView.swift */,
			);
			path = SearchView;
			sourceTree = "<group>";
		};
		57C1AAAB2AC637BF00444C47 /* Cells */ = {
			isa = PBXGroup;
			children = (
				57A5BAC72AC753350036557A /* ViewModel */,
				57C1AAAC2AC637E600444C47 /* SearchViewCollectionViewCell.swift */,
			);
			path = Cells;
			sourceTree = "<group>";
		};
		57C1AAAE2AC638B600444C47 /* SearchResult */ = {
			isa = PBXGroup;
			children = (
				57C1AAB12AC6395F00444C47 /* Cells */,
				57C1AAAF2AC6394400444C47 /* SearchResultsViewController.swift */,
			);
			path = SearchResult;
			sourceTree = "<group>";
		};
		57C1AAB12AC6395F00444C47 /* Cells */ = {
			isa = PBXGroup;
			children = (
				57A5BAC02AC72A230036557A /* ViewModels */,
				57C1AAB42AC644B400444C47 /* SearchResultCurrentTableViewCell.swift */,
				57C1AAB62AC6456200444C47 /* AllResultsTableViewCell.swift */,
			);
			path = Cells;
			sourceTree = "<group>";
		};
		57C1AAB82AC6469700444C47 /* ViewModels */ = {
			isa = PBXGroup;
			children = (
				57C1AAB92AC646CE00444C47 /* CategoryViewModel.swift */,
				57C1AABB2AC6494000444C47 /* HomeViewCategoryTableViewModel.swift */,
			);
			path = ViewModels;
			sourceTree = "<group>";
		};
		801A81FB2AC5F5B6005ADD4A /* ProfileSetting */ = {
			isa = PBXGroup;
			children = (
				801A81FC2AC5F5B6005ADD4A /* Assembly */,
				801A81FE2AC5F5B6005ADD4A /* Presenter */,
				801A82012AC5F5B6005ADD4A /* View */,
				801A82082AC5F5B6005ADD4A /* Router */,
			);
			path = ProfileSetting;
			sourceTree = "<group>";
		};
		801A81FC2AC5F5B6005ADD4A /* Assembly */ = {
			isa = PBXGroup;
			children = (
				801A81FD2AC5F5B6005ADD4A /* ProfileSettingAssembly.swift */,
			);
			path = Assembly;
			sourceTree = "<group>";
		};
		801A81FE2AC5F5B6005ADD4A /* Presenter */ = {
			isa = PBXGroup;
			children = (
				801A81FF2AC5F5B6005ADD4A /* ProfileSettingPresenterProtocol.swift */,
				801A82002AC5F5B6005ADD4A /* ProfileSettingPresenter.swift */,
			);
			path = Presenter;
			sourceTree = "<group>";
		};
		801A82012AC5F5B6005ADD4A /* View */ = {
			isa = PBXGroup;
			children = (
				801A82022AC5F5B6005ADD4A /* Cell */,
				801A82052AC5F5B6005ADD4A /* ProfileSettingViewInput.swift */,
				801A82062AC5F5B6005ADD4A /* ProfileSettingViewController.swift */,
				801A82072AC5F5B6005ADD4A /* ProfileSettingsTableViewCell.swift */,
			);
			path = View;
			sourceTree = "<group>";
		};
		801A82022AC5F5B6005ADD4A /* Cell */ = {
			isa = PBXGroup;
			children = (
				801A82032AC5F5B6005ADD4A /* ViewModel */,
			);
			path = Cell;
			sourceTree = "<group>";
		};
		801A82032AC5F5B6005ADD4A /* ViewModel */ = {
			isa = PBXGroup;
			children = (
				801A82042AC5F5B6005ADD4A /* ProfileMainSettingsViewModel.swift */,
			);
			path = ViewModel;
			sourceTree = "<group>";
		};
		801A82082AC5F5B6005ADD4A /* Router */ = {
			isa = PBXGroup;
			children = (
				801A82092AC5F5B6005ADD4A /* ProfileSettingRouter.swift */,
			);
			path = Router;
			sourceTree = "<group>";
		};
		804C1F972AC351D300B07C87 /* EndPoint */ = {
			isa = PBXGroup;
			children = (
				804C1FB12AC36B2500B07C87 /* PodcastAPI.swift */,
			);
			path = EndPoint;
			sourceTree = "<group>";
		};
		804C1F982AC351E100B07C87 /* Manager */ = {
			isa = PBXGroup;
			children = (
				804C1FB32AC36C1100B07C87 /* NetworkManager.swift */,
			);
			path = Manager;
			sourceTree = "<group>";
		};
		804C1F992AC351E700B07C87 /* Service */ = {
			isa = PBXGroup;
			children = (
				804C1F9B2AC3520D00B07C87 /* EndPointType.swift */,
				804C1F9D2AC3527300B07C87 /* HTTPMethod.swift */,
				804C1F9F2AC352DB00B07C87 /* HTTPTask.swift */,
				804C1FAA2AC3644B00B07C87 /* NetworkRouter.swift */,
				804C1FAC2AC3650F00B07C87 /* Router.swift */,
			);
			path = Service;
			sourceTree = "<group>";
		};
		804C1F9A2AC351EB00B07C87 /* Encoding */ = {
			isa = PBXGroup;
			children = (
				804C1FA12AC3534B00B07C87 /* ParameterEncoding.swift */,
				804C1FA62AC3577400B07C87 /* URLParameterEncoder.swift */,
				804C1FA82AC3638C00B07C87 /* JSONParameterEncoder.swift */,
			);
			path = Encoding;
			sourceTree = "<group>";
		};
		804C1FA32AC356FD00B07C87 /* Errors */ = {
			isa = PBXGroup;
			children = (
				804C1FA42AC3570500B07C87 /* NetworkError.swift */,
			);
			path = Errors;
			sourceTree = "<group>";
		};
		804C1FAE2AC36A2B00B07C87 /* Foundation */ = {
			isa = PBXGroup;
			children = (
				804C1FAF2AC36A3600B07C87 /* URLRequest+Extension.swift */,
			);
			path = Foundation;
			sourceTree = "<group>";
		};
		809355CC2ABE23710094F3AB = {
			isa = PBXGroup;
			children = (
				809355D72ABE23710094F3AB /* PodcastApp */,
				809355D62ABE23710094F3AB /* Products */,
			);
			sourceTree = "<group>";
		};
		809355D62ABE23710094F3AB /* Products */ = {
			isa = PBXGroup;
			children = (
				809355D52ABE23710094F3AB /* PodcastApp.app */,
			);
			name = Products;
			sourceTree = "<group>";
		};
		809355D72ABE23710094F3AB /* PodcastApp */ = {
			isa = PBXGroup;
			children = (
				809355EE2ABE23AC0094F3AB /* App */,
				809355ED2ABE23A90094F3AB /* Base */,
				809355F82ABE3B160094F3AB /* Services */,
				809355EF2ABE23EB0094F3AB /* Modules */,
				809355EC2ABE23A30094F3AB /* SupportingFiles */,
			);
			path = PodcastApp;
			sourceTree = "<group>";
		};
		809355EC2ABE23A30094F3AB /* SupportingFiles */ = {
			isa = PBXGroup;
			children = (
				806C2C322ACD510900BA9B16 /* GoogleService-Info.plist */,
				809355E12ABE23730094F3AB /* Assets.xcassets */,
				809355E32ABE23730094F3AB /* LaunchScreen.storyboard */,
				809355E62ABE23730094F3AB /* Info.plist */,
			);
			path = SupportingFiles;
			sourceTree = "<group>";
		};
		809355ED2ABE23A90094F3AB /* Base */ = {
			isa = PBXGroup;
			children = (
				8093564E2ABE41410094F3AB /* Views */,
				809355F32ABE30600094F3AB /* Extensions */,
			);
			path = Base;
			sourceTree = "<group>";
		};
		809355EE2ABE23AC0094F3AB /* App */ = {
			isa = PBXGroup;
			children = (
				809355D82ABE23710094F3AB /* AppDelegate.swift */,
			);
			path = App;
			sourceTree = "<group>";
		};
		809355EF2ABE23EB0094F3AB /* Modules */ = {
			isa = PBXGroup;
			children = (
				80ED761D2ACC80C4008B93DB /* Auth */,
				57C1AA872AC60A6000444C47 /* Home */,
				801A81FB2AC5F5B6005ADD4A /* ProfileSetting */,
				43F768BD2ACDBE5100321CEC /* AccountSetting */,
				809355F02ABE23FF0094F3AB /* MainTabBar */,
			);
			path = Modules;
			sourceTree = "<group>";
		};
		809355F02ABE23FF0094F3AB /* MainTabBar */ = {
			isa = PBXGroup;
			children = (
				809355F12ABE25B90094F3AB /* MainTabBarController.swift */,
			);
			path = MainTabBar;
			sourceTree = "<group>";
		};
		809355F32ABE30600094F3AB /* Extensions */ = {
			isa = PBXGroup;
			children = (
				804C1FAE2AC36A2B00B07C87 /* Foundation */,
				809355F42ABE30650094F3AB /* UIKit */,
			);
			path = Extensions;
			sourceTree = "<group>";
		};
		809355F42ABE30650094F3AB /* UIKit */ = {
			isa = PBXGroup;
			children = (
				809355F62ABE30790094F3AB /* UIImage + Extension.swift */,
				809356032ABE3CD30094F3AB /* UIColor + Extension.swift */,
				57C1AA9D2AC60C6200444C47 /* UIViewController + Extension.swift */,
				57C1AA9F2AC622DE00444C47 /* UITextField + Extension.swift */,
			);
			path = UIKit;
			sourceTree = "<group>";
		};
		809355F82ABE3B160094F3AB /* Services */ = {
			isa = PBXGroup;
			children = (
				80ED76352ACC8334008B93DB /* AuthService */,
				809356492ABE40720094F3AB /* SavingManager */,
				809355F92ABE3B2E0094F3AB /* NetworkService */,
				809355FA2ABE3B340094F3AB /* PlayerService */,
			);
			path = Services;
			sourceTree = "<group>";
		};
		809355F92ABE3B2E0094F3AB /* NetworkService */ = {
			isa = PBXGroup;
			children = (
				578CF0DB2ACE0A20006B50C5 /* DecodingModels */,
				804C1FA32AC356FD00B07C87 /* Errors */,
				804C1F9A2AC351EB00B07C87 /* Encoding */,
				804C1F992AC351E700B07C87 /* Service */,
				804C1F982AC351E100B07C87 /* Manager */,
				804C1F972AC351D300B07C87 /* EndPoint */,
			);
			path = NetworkService;
			sourceTree = "<group>";
		};
		809355FA2ABE3B340094F3AB /* PlayerService */ = {
			isa = PBXGroup;
			children = (
				809355FF2ABE3B940094F3AB /* PlayerServiceProtocol.swift */,
				809356012ABE3BA60094F3AB /* PlayerService.swift */,
			);
			path = PlayerService;
			sourceTree = "<group>";
		};
		809356492ABE40720094F3AB /* SavingManager */ = {
			isa = PBXGroup;
			children = (
				8093564A2ABE40840094F3AB /* SavingManagerProtocol.swift */,
				8093564C2ABE40990094F3AB /* SavingManager.swift */,
			);
			path = SavingManager;
			sourceTree = "<group>";
		};
		8093564E2ABE41410094F3AB /* Views */ = {
			isa = PBXGroup;
			children = (
				8093564F2ABE414A0094F3AB /* BaseViewController.swift */,
				805D4FCA2AC0A48600905151 /* BaseCollectionViewCell.swift */,
				805D4FCC2AC0A4F600905151 /* BaseTableViewCell.swift */,
			);
			path = Views;
			sourceTree = "<group>";
		};
		80A15BF12ACC937E00134469 /* Views */ = {
			isa = PBXGroup;
			children = (
				80A15BF22ACC941000134469 /* AuthView.swift */,
				80A15BF42ACCA74300134469 /* AuthTextField.swift */,
			);
			path = Views;
			sourceTree = "<group>";
		};
		80ED761D2ACC80C4008B93DB /* Auth */ = {
			isa = PBXGroup;
			children = (
				80ED76232ACC8114008B93DB /* Assembly */,
				80ED761F2ACC80DA008B93DB /* View */,
				80ED76202ACC80E0008B93DB /* Interactor */,
				80ED761E2ACC80CC008B93DB /* Presenter */,
				80ED76212ACC80E7008B93DB /* Entity */,
				80ED76222ACC80F2008B93DB /* Router */,
			);
			path = Auth;
			sourceTree = "<group>";
		};
		80ED761E2ACC80CC008B93DB /* Presenter */ = {
			isa = PBXGroup;
			children = (
				80ED76292ACC8237008B93DB /* AuthPresenter.swift */,
				80ED762B2ACC8243008B93DB /* AuthPresenterProtocol.swift */,
			);
			path = Presenter;
			sourceTree = "<group>";
		};
		80ED761F2ACC80DA008B93DB /* View */ = {
			isa = PBXGroup;
			children = (
				80A15BF12ACC937E00134469 /* Views */,
				80ED76312ACC82C3008B93DB /* AuthViewController.swift */,
				80ED76332ACC82CB008B93DB /* AuthViewInput.swift */,
			);
			path = View;
			sourceTree = "<group>";
		};
		80ED76202ACC80E0008B93DB /* Interactor */ = {
			isa = PBXGroup;
			children = (
				80ED762D2ACC8284008B93DB /* AuthInteractor.swift */,
				80ED762F2ACC828E008B93DB /* AuthInteractorInput.swift */,
			);
			path = Interactor;
			sourceTree = "<group>";
		};
		80ED76212ACC80E7008B93DB /* Entity */ = {
			isa = PBXGroup;
			children = (
			);
			path = Entity;
			sourceTree = "<group>";
		};
		80ED76222ACC80F2008B93DB /* Router */ = {
			isa = PBXGroup;
			children = (
				80ED76272ACC8206008B93DB /* AuthRouter.swift */,
				80ED76252ACC81F4008B93DB /* AuthRouterInput.swift */,
			);
			path = Router;
			sourceTree = "<group>";
		};
		80ED76232ACC8114008B93DB /* Assembly */ = {
			isa = PBXGroup;
			children = (
				80ED76382ACC8D92008B93DB /* AuthAssembly.swift */,
			);
			path = Assembly;
			sourceTree = "<group>";
		};
		80ED76352ACC8334008B93DB /* AuthService */ = {
			isa = PBXGroup;
			children = (
				80ED76362ACC8345008B93DB /* AuthService.swift */,
				80F17BED2ACCD9280063A245 /* AuthError.swift */,
			);
			path = AuthService;
			sourceTree = "<group>";
		};
/* End PBXGroup section */

/* Begin PBXNativeTarget section */
		809355D42ABE23710094F3AB /* PodcastApp */ = {
			isa = PBXNativeTarget;
			buildConfigurationList = 809355E92ABE23730094F3AB /* Build configuration list for PBXNativeTarget "PodcastApp" */;
			buildPhases = (
				809355D12ABE23710094F3AB /* Sources */,
				809355D22ABE23710094F3AB /* Frameworks */,
				809355D32ABE23710094F3AB /* Resources */,
			);
			buildRules = (
			);
			dependencies = (
			);
			name = PodcastApp;
			packageProductDependencies = (
				80A15BB32ACC92F800134469 /* SnapKit */,
				80A15BB62ACC931800134469 /* GoogleSignIn */,
				80A15BB82ACC931800134469 /* GoogleSignInSwift */,
				80A15BBB2ACC935F00134469 /* FirebaseAnalytics */,
				80A15BBD2ACC935F00134469 /* FirebaseAnalyticsOnDeviceConversion */,
				80A15BBF2ACC935F00134469 /* FirebaseAnalyticsSwift */,
				80A15BC12ACC935F00134469 /* FirebaseAnalyticsWithoutAdIdSupport */,
				80A15BC32ACC935F00134469 /* FirebaseAppCheck */,
				80A15BC52ACC935F00134469 /* FirebaseAppDistribution-Beta */,
				80A15BC72ACC935F00134469 /* FirebaseAuth */,
				80A15BC92ACC935F00134469 /* FirebaseAuthCombine-Community */,
				80A15BCB2ACC935F00134469 /* FirebaseCrashlytics */,
				80A15BCD2ACC935F00134469 /* FirebaseDatabase */,
				80A15BCF2ACC935F00134469 /* FirebaseDatabaseSwift */,
				80A15BD12ACC935F00134469 /* FirebaseDynamicLinks */,
				80A15BD32ACC935F00134469 /* FirebaseFirestore */,
				80A15BD52ACC935F00134469 /* FirebaseFirestoreCombine-Community */,
				80A15BD72ACC935F00134469 /* FirebaseFirestoreSwift */,
				80A15BD92ACC935F00134469 /* FirebaseFunctions */,
				80A15BDB2ACC935F00134469 /* FirebaseFunctionsCombine-Community */,
				80A15BDD2ACC935F00134469 /* FirebaseInAppMessaging-Beta */,
				80A15BDF2ACC935F00134469 /* FirebaseInAppMessagingSwift-Beta */,
				80A15BE12ACC935F00134469 /* FirebaseInstallations */,
				80A15BE32ACC935F00134469 /* FirebaseMLModelDownloader */,
				80A15BE52ACC935F00134469 /* FirebaseMessaging */,
				80A15BE72ACC935F00134469 /* FirebasePerformance */,
				80A15BE92ACC935F00134469 /* FirebaseRemoteConfig */,
				80A15BEB2ACC935F00134469 /* FirebaseRemoteConfigSwift */,
				80A15BED2ACC935F00134469 /* FirebaseStorage */,
				80A15BEF2ACC935F00134469 /* FirebaseStorageCombine-Community */,
				80F17BF22ACCDDF00063A245 /* ProgressHUD */,
				578CF0DD2ACE0FB5006B50C5 /* Kingfisher */,
			);
			productName = PodcastApp;
			productReference = 809355D52ABE23710094F3AB /* PodcastApp.app */;
			productType = "com.apple.product-type.application";
		};
/* End PBXNativeTarget section */

/* Begin PBXProject section */
		809355CD2ABE23710094F3AB /* Project object */ = {
			isa = PBXProject;
			attributes = {
				BuildIndependentTargetsInParallel = 1;
				LastSwiftUpdateCheck = 1500;
				LastUpgradeCheck = 1500;
				TargetAttributes = {
					809355D42ABE23710094F3AB = {
						CreatedOnToolsVersion = 15.0;
					};
				};
			};
			buildConfigurationList = 809355D02ABE23710094F3AB /* Build configuration list for PBXProject "PodcastApp" */;
			compatibilityVersion = "Xcode 14.0";
			developmentRegion = en;
			hasScannedForEncodings = 0;
			knownRegions = (
				en,
				Base,
			);
			mainGroup = 809355CC2ABE23710094F3AB;
			packageReferences = (
				80A15BB22ACC92F800134469 /* XCRemoteSwiftPackageReference "SnapKit" */,
				80A15BB52ACC931800134469 /* XCRemoteSwiftPackageReference "GoogleSignIn-iOS" */,
				80A15BBA2ACC935F00134469 /* XCRemoteSwiftPackageReference "firebase-ios-sdk" */,
				80F17BF12ACCDDF00063A245 /* XCRemoteSwiftPackageReference "ProgressHUD" */,
				578CF0DC2ACE0FB5006B50C5 /* XCRemoteSwiftPackageReference "Kingfisher" */,
			);
			productRefGroup = 809355D62ABE23710094F3AB /* Products */;
			projectDirPath = "";
			projectRoot = "";
			targets = (
				809355D42ABE23710094F3AB /* PodcastApp */,
			);
		};
/* End PBXProject section */

/* Begin PBXResourcesBuildPhase section */
		809355D32ABE23710094F3AB /* Resources */ = {
			isa = PBXResourcesBuildPhase;
			buildActionMask = 2147483647;
			files = (
				809355E52ABE23730094F3AB /* LaunchScreen.storyboard in Resources */,
				809355E22ABE23730094F3AB /* Assets.xcassets in Resources */,
				806C2C332ACD510900BA9B16 /* GoogleService-Info.plist in Resources */,
			);
			runOnlyForDeploymentPostprocessing = 0;
		};
/* End PBXResourcesBuildPhase section */

/* Begin PBXSourcesBuildPhase section */
		809355D12ABE23710094F3AB /* Sources */ = {
			isa = PBXSourcesBuildPhase;
			buildActionMask = 2147483647;
			files = (
				8093564B2ABE40840094F3AB /* SavingManagerProtocol.swift in Sources */,
				80ED762E2ACC8284008B93DB /* AuthInteractor.swift in Sources */,
				43F768CB2ACDBE5100321CEC /* AccountSettingViewController.swift in Sources */,
				57C1AAA72AC62D8C00444C47 /* CategoryesNamesCollectionViewCell.swift in Sources */,
				80ED76302ACC828E008B93DB /* AuthInteractorInput.swift in Sources */,
				801A82112AC5F5B6005ADD4A /* ProfileSettingRouter.swift in Sources */,
				57C1AA982AC60A6000444C47 /* HomeViewController.swift in Sources */,
				57C1AA9E2AC60C6200444C47 /* UIViewController + Extension.swift in Sources */,
				57C1AA952AC60A6000444C47 /* HomeAssembly.swift in Sources */,
				804C1FA72AC3577400B07C87 /* URLParameterEncoder.swift in Sources */,
				43F768C82ACDBE5100321CEC /* AccountSettingAssembly.swift in Sources */,
				57C1AA9C2AC60A6000444C47 /* HomeRouter.swift in Sources */,
				57A5BAC22AC72A750036557A /* SearchResultViewModel.swift in Sources */,
				804C1FAD2AC3650F00B07C87 /* Router.swift in Sources */,
				809356502ABE414A0094F3AB /* BaseViewController.swift in Sources */,
				804C1FA52AC3570500B07C87 /* NetworkError.swift in Sources */,
				80ED762A2ACC8237008B93DB /* AuthPresenter.swift in Sources */,
				80A15BF32ACC941000134469 /* AuthView.swift in Sources */,
				578CF0D92ACE0A0F006B50C5 /* SearchResultModel.swift in Sources */,
				57C1AAAD2AC637E600444C47 /* SearchViewCollectionViewCell.swift in Sources */,
				801A82102AC5F5B6005ADD4A /* ProfileSettingsTableViewCell.swift in Sources */,
				80ED76262ACC81F4008B93DB /* AuthRouterInput.swift in Sources */,
				809356042ABE3CD30094F3AB /* UIColor + Extension.swift in Sources */,
				80A15BF52ACCA74300134469 /* AuthTextField.swift in Sources */,
				809356022ABE3BA60094F3AB /* PlayerService.swift in Sources */,
				805D4FCB2AC0A48600905151 /* BaseCollectionViewCell.swift in Sources */,
				804C1FB22AC36B2500B07C87 /* PodcastAPI.swift in Sources */,
				80ED762C2ACC8243008B93DB /* AuthPresenterProtocol.swift in Sources */,
				43F768CA2ACDBE5100321CEC /* AccountSettingPresenterProtocol.swift in Sources */,
				804C1FA92AC3638C00B07C87 /* JSONParameterEncoder.swift in Sources */,
				57C1AA9A2AC60A6000444C47 /* SearchView.swift in Sources */,
				801A820C2AC5F5B6005ADD4A /* ProfileSettingPresenter.swift in Sources */,
				57C1AA992AC60A6000444C47 /* HomeViewInput.swift in Sources */,
				8093564D2ABE40990094F3AB /* SavingManager.swift in Sources */,
				804C1FAB2AC3644B00B07C87 /* NetworkRouter.swift in Sources */,
				809355F22ABE25B90094F3AB /* MainTabBarController.swift in Sources */,
				809355D92ABE23710094F3AB /* AppDelegate.swift in Sources */,
				804C1FB42AC36C1100B07C87 /* NetworkManager.swift in Sources */,
				80ED76372ACC8345008B93DB /* AuthService.swift in Sources */,
				57C1AAB02AC6394400444C47 /* SearchResultsViewController.swift in Sources */,
				804C1FA02AC352DB00B07C87 /* HTTPTask.swift in Sources */,
				57C1AAA52AC62BA200444C47 /* CategoryCollectionViewCell.swift in Sources */,
				80ED76392ACC8D92008B93DB /* AuthAssembly.swift in Sources */,
				57C1AABA2AC646CE00444C47 /* CategoryViewModel.swift in Sources */,
				57C1AABC2AC6494000444C47 /* HomeViewCategoryTableViewModel.swift in Sources */,
				801A820B2AC5F5B6005ADD4A /* ProfileSettingPresenterProtocol.swift in Sources */,
				43F768CC2ACDBE5100321CEC /* AccountSettingViewInput.swift in Sources */,
				809356002ABE3B940094F3AB /* PlayerServiceProtocol.swift in Sources */,
				801A820A2AC5F5B6005ADD4A /* ProfileSettingAssembly.swift in Sources */,
				804C1FB02AC36A3600B07C87 /* URLRequest+Extension.swift in Sources */,
				57A5BAC62AC7530D0036557A /* SearchGenresViewModel.swift in Sources */,
				80ED76282ACC8206008B93DB /* AuthRouter.swift in Sources */,
				801A820E2AC5F5B6005ADD4A /* ProfileSettingViewInput.swift in Sources */,
				804C1FA22AC3534B00B07C87 /* ParameterEncoding.swift in Sources */,
				578CF0D82ACE0A0F006B50C5 /* EpisodeDetailModel.swift in Sources */,
				57C1AAA92AC62E3700444C47 /* HomeTableViewCell.swift in Sources */,
				801A820F2AC5F5B6005ADD4A /* ProfileSettingViewController.swift in Sources */,
				80ED76322ACC82C3008B93DB /* AuthViewController.swift in Sources */,
				57A5BAC42AC72B730036557A /* SearchResultAllPodcastsViewModel.swift in Sources */,
				804C1F9E2AC3527300B07C87 /* HTTPMethod.swift in Sources */,
				578CF0DA2ACE0A0F006B50C5 /* TrendingsNamesModel.swift in Sources */,
				805D4FCD2AC0A4F600905151 /* BaseTableViewCell.swift in Sources */,
				57C1AAA02AC622DE00444C47 /* UITextField + Extension.swift in Sources */,
				57C1AAB52AC644B400444C47 /* SearchResultCurrentTableViewCell.swift in Sources */,
				57C1AA962AC60A6000444C47 /* HomePresenterProtocol.swift in Sources */,
				801A820D2AC5F5B6005ADD4A /* ProfileMainSettingsViewModel.swift in Sources */,
				43F768C92ACDBE5100321CEC /* AccountSettingPresenter.swift in Sources */,
				80F17BEE2ACCD9280063A245 /* AuthError.swift in Sources */,
				43F768CD2ACDBE5100321CEC /* AccountSettingRouter.swift in Sources */,
				80ED76342ACC82CB008B93DB /* AuthViewInput.swift in Sources */,
				804C1F9C2AC3520D00B07C87 /* EndPointType.swift in Sources */,
				57C1AAB72AC6456200444C47 /* AllResultsTableViewCell.swift in Sources */,
				57C1AA9B2AC60A6000444C47 /* HomeView.swift in Sources */,
				809355F72ABE30790094F3AB /* UIImage + Extension.swift in Sources */,
				57C1AA972AC60A6000444C47 /* HomePresenter.swift in Sources */,
			);
			runOnlyForDeploymentPostprocessing = 0;
		};
/* End PBXSourcesBuildPhase section */

/* Begin PBXVariantGroup section */
		809355E32ABE23730094F3AB /* LaunchScreen.storyboard */ = {
			isa = PBXVariantGroup;
			children = (
				809355E42ABE23730094F3AB /* Base */,
			);
			name = LaunchScreen.storyboard;
			sourceTree = "<group>";
		};
/* End PBXVariantGroup section */

/* Begin XCBuildConfiguration section */
		809355E72ABE23730094F3AB /* Debug */ = {
			isa = XCBuildConfiguration;
			buildSettings = {
				ALWAYS_SEARCH_USER_PATHS = NO;
				ASSETCATALOG_COMPILER_GENERATE_SWIFT_ASSET_SYMBOL_EXTENSIONS = YES;
				CLANG_ANALYZER_NONNULL = YES;
				CLANG_ANALYZER_NUMBER_OBJECT_CONVERSION = YES_AGGRESSIVE;
				CLANG_CXX_LANGUAGE_STANDARD = "gnu++20";
				CLANG_ENABLE_MODULES = YES;
				CLANG_ENABLE_OBJC_ARC = YES;
				CLANG_ENABLE_OBJC_WEAK = YES;
				CLANG_WARN_BLOCK_CAPTURE_AUTORELEASING = YES;
				CLANG_WARN_BOOL_CONVERSION = YES;
				CLANG_WARN_COMMA = YES;
				CLANG_WARN_CONSTANT_CONVERSION = YES;
				CLANG_WARN_DEPRECATED_OBJC_IMPLEMENTATIONS = YES;
				CLANG_WARN_DIRECT_OBJC_ISA_USAGE = YES_ERROR;
				CLANG_WARN_DOCUMENTATION_COMMENTS = YES;
				CLANG_WARN_EMPTY_BODY = YES;
				CLANG_WARN_ENUM_CONVERSION = YES;
				CLANG_WARN_INFINITE_RECURSION = YES;
				CLANG_WARN_INT_CONVERSION = YES;
				CLANG_WARN_NON_LITERAL_NULL_CONVERSION = YES;
				CLANG_WARN_OBJC_IMPLICIT_RETAIN_SELF = YES;
				CLANG_WARN_OBJC_LITERAL_CONVERSION = YES;
				CLANG_WARN_OBJC_ROOT_CLASS = YES_ERROR;
				CLANG_WARN_QUOTED_INCLUDE_IN_FRAMEWORK_HEADER = YES;
				CLANG_WARN_RANGE_LOOP_ANALYSIS = YES;
				CLANG_WARN_STRICT_PROTOTYPES = YES;
				CLANG_WARN_SUSPICIOUS_MOVE = YES;
				CLANG_WARN_UNGUARDED_AVAILABILITY = YES_AGGRESSIVE;
				CLANG_WARN_UNREACHABLE_CODE = YES;
				CLANG_WARN__DUPLICATE_METHOD_MATCH = YES;
				COPY_PHASE_STRIP = NO;
				DEBUG_INFORMATION_FORMAT = dwarf;
				ENABLE_STRICT_OBJC_MSGSEND = YES;
				ENABLE_TESTABILITY = YES;
				ENABLE_USER_SCRIPT_SANDBOXING = YES;
				GCC_C_LANGUAGE_STANDARD = gnu17;
				GCC_DYNAMIC_NO_PIC = NO;
				GCC_NO_COMMON_BLOCKS = YES;
				GCC_OPTIMIZATION_LEVEL = 0;
				GCC_PREPROCESSOR_DEFINITIONS = (
					"DEBUG=1",
					"$(inherited)",
				);
				GCC_WARN_64_TO_32_BIT_CONVERSION = YES;
				GCC_WARN_ABOUT_RETURN_TYPE = YES_ERROR;
				GCC_WARN_UNDECLARED_SELECTOR = YES;
				GCC_WARN_UNINITIALIZED_AUTOS = YES_AGGRESSIVE;
				GCC_WARN_UNUSED_FUNCTION = YES;
				GCC_WARN_UNUSED_VARIABLE = YES;
				IPHONEOS_DEPLOYMENT_TARGET = 17.0;
				LOCALIZATION_PREFERS_STRING_CATALOGS = YES;
				MTL_ENABLE_DEBUG_INFO = INCLUDE_SOURCE;
				MTL_FAST_MATH = YES;
				ONLY_ACTIVE_ARCH = YES;
				SDKROOT = iphoneos;
				SWIFT_ACTIVE_COMPILATION_CONDITIONS = "DEBUG $(inherited)";
				SWIFT_OPTIMIZATION_LEVEL = "-Onone";
			};
			name = Debug;
		};
		809355E82ABE23730094F3AB /* Release */ = {
			isa = XCBuildConfiguration;
			buildSettings = {
				ALWAYS_SEARCH_USER_PATHS = NO;
				ASSETCATALOG_COMPILER_GENERATE_SWIFT_ASSET_SYMBOL_EXTENSIONS = YES;
				CLANG_ANALYZER_NONNULL = YES;
				CLANG_ANALYZER_NUMBER_OBJECT_CONVERSION = YES_AGGRESSIVE;
				CLANG_CXX_LANGUAGE_STANDARD = "gnu++20";
				CLANG_ENABLE_MODULES = YES;
				CLANG_ENABLE_OBJC_ARC = YES;
				CLANG_ENABLE_OBJC_WEAK = YES;
				CLANG_WARN_BLOCK_CAPTURE_AUTORELEASING = YES;
				CLANG_WARN_BOOL_CONVERSION = YES;
				CLANG_WARN_COMMA = YES;
				CLANG_WARN_CONSTANT_CONVERSION = YES;
				CLANG_WARN_DEPRECATED_OBJC_IMPLEMENTATIONS = YES;
				CLANG_WARN_DIRECT_OBJC_ISA_USAGE = YES_ERROR;
				CLANG_WARN_DOCUMENTATION_COMMENTS = YES;
				CLANG_WARN_EMPTY_BODY = YES;
				CLANG_WARN_ENUM_CONVERSION = YES;
				CLANG_WARN_INFINITE_RECURSION = YES;
				CLANG_WARN_INT_CONVERSION = YES;
				CLANG_WARN_NON_LITERAL_NULL_CONVERSION = YES;
				CLANG_WARN_OBJC_IMPLICIT_RETAIN_SELF = YES;
				CLANG_WARN_OBJC_LITERAL_CONVERSION = YES;
				CLANG_WARN_OBJC_ROOT_CLASS = YES_ERROR;
				CLANG_WARN_QUOTED_INCLUDE_IN_FRAMEWORK_HEADER = YES;
				CLANG_WARN_RANGE_LOOP_ANALYSIS = YES;
				CLANG_WARN_STRICT_PROTOTYPES = YES;
				CLANG_WARN_SUSPICIOUS_MOVE = YES;
				CLANG_WARN_UNGUARDED_AVAILABILITY = YES_AGGRESSIVE;
				CLANG_WARN_UNREACHABLE_CODE = YES;
				CLANG_WARN__DUPLICATE_METHOD_MATCH = YES;
				COPY_PHASE_STRIP = NO;
				DEBUG_INFORMATION_FORMAT = "dwarf-with-dsym";
				ENABLE_NS_ASSERTIONS = NO;
				ENABLE_STRICT_OBJC_MSGSEND = YES;
				ENABLE_USER_SCRIPT_SANDBOXING = YES;
				GCC_C_LANGUAGE_STANDARD = gnu17;
				GCC_NO_COMMON_BLOCKS = YES;
				GCC_WARN_64_TO_32_BIT_CONVERSION = YES;
				GCC_WARN_ABOUT_RETURN_TYPE = YES_ERROR;
				GCC_WARN_UNDECLARED_SELECTOR = YES;
				GCC_WARN_UNINITIALIZED_AUTOS = YES_AGGRESSIVE;
				GCC_WARN_UNUSED_FUNCTION = YES;
				GCC_WARN_UNUSED_VARIABLE = YES;
				IPHONEOS_DEPLOYMENT_TARGET = 17.0;
				LOCALIZATION_PREFERS_STRING_CATALOGS = YES;
				MTL_ENABLE_DEBUG_INFO = NO;
				MTL_FAST_MATH = YES;
				SDKROOT = iphoneos;
				SWIFT_COMPILATION_MODE = wholemodule;
				VALIDATE_PRODUCT = YES;
			};
			name = Release;
		};
		809355EA2ABE23730094F3AB /* Debug */ = {
			isa = XCBuildConfiguration;
			buildSettings = {
				ASSETCATALOG_COMPILER_APPICON_NAME = AppIcon;
				ASSETCATALOG_COMPILER_GLOBAL_ACCENT_COLOR_NAME = AccentColor;
				CODE_SIGN_STYLE = Automatic;
				CURRENT_PROJECT_VERSION = 1;
				DEVELOPMENT_TEAM = 8RR26756PN;
				GENERATE_INFOPLIST_FILE = YES;
				INFOPLIST_FILE = PodcastApp/SupportingFiles/Info.plist;
				INFOPLIST_KEY_UIApplicationSupportsIndirectInputEvents = YES;
				INFOPLIST_KEY_UILaunchStoryboardName = LaunchScreen;
				INFOPLIST_KEY_UISupportedInterfaceOrientations = UIInterfaceOrientationPortrait;
				INFOPLIST_KEY_UISupportedInterfaceOrientations_iPad = "UIInterfaceOrientationLandscapeLeft UIInterfaceOrientationLandscapeRight UIInterfaceOrientationPortrait UIInterfaceOrientationPortraitUpsideDown";
				IPHONEOS_DEPLOYMENT_TARGET = 15.0;
				LD_RUNPATH_SEARCH_PATHS = (
					"$(inherited)",
					"@executable_path/Frameworks",
				);
				MARKETING_VERSION = 1.0;
				PRODUCT_BUNDLE_IDENTIFIER = com.kashchenko.podcastapp.PodcastApp;
				PRODUCT_NAME = "$(TARGET_NAME)";
				SUPPORTED_PLATFORMS = "iphoneos iphonesimulator";
				SUPPORTS_MACCATALYST = NO;
				SUPPORTS_MAC_DESIGNED_FOR_IPHONE_IPAD = NO;
				SWIFT_EMIT_LOC_STRINGS = YES;
				SWIFT_VERSION = 5.0;
				TARGETED_DEVICE_FAMILY = 1;
			};
			name = Debug;
		};
		809355EB2ABE23730094F3AB /* Release */ = {
			isa = XCBuildConfiguration;
			buildSettings = {
				ASSETCATALOG_COMPILER_APPICON_NAME = AppIcon;
				ASSETCATALOG_COMPILER_GLOBAL_ACCENT_COLOR_NAME = AccentColor;
				CODE_SIGN_STYLE = Automatic;
				CURRENT_PROJECT_VERSION = 1;
				DEVELOPMENT_TEAM = 8RR26756PN;
				GENERATE_INFOPLIST_FILE = YES;
				INFOPLIST_FILE = PodcastApp/SupportingFiles/Info.plist;
				INFOPLIST_KEY_UIApplicationSupportsIndirectInputEvents = YES;
				INFOPLIST_KEY_UILaunchStoryboardName = LaunchScreen;
				INFOPLIST_KEY_UISupportedInterfaceOrientations = UIInterfaceOrientationPortrait;
				INFOPLIST_KEY_UISupportedInterfaceOrientations_iPad = "UIInterfaceOrientationLandscapeLeft UIInterfaceOrientationLandscapeRight UIInterfaceOrientationPortrait UIInterfaceOrientationPortraitUpsideDown";
				IPHONEOS_DEPLOYMENT_TARGET = 15.0;
				LD_RUNPATH_SEARCH_PATHS = (
					"$(inherited)",
					"@executable_path/Frameworks",
				);
				MARKETING_VERSION = 1.0;
				PRODUCT_BUNDLE_IDENTIFIER = com.kashchenko.podcastapp.PodcastApp;
				PRODUCT_NAME = "$(TARGET_NAME)";
				SUPPORTED_PLATFORMS = "iphoneos iphonesimulator";
				SUPPORTS_MACCATALYST = NO;
				SUPPORTS_MAC_DESIGNED_FOR_IPHONE_IPAD = NO;
				SWIFT_EMIT_LOC_STRINGS = YES;
				SWIFT_VERSION = 5.0;
				TARGETED_DEVICE_FAMILY = 1;
			};
			name = Release;
		};
/* End XCBuildConfiguration section */

/* Begin XCConfigurationList section */
		809355D02ABE23710094F3AB /* Build configuration list for PBXProject "PodcastApp" */ = {
			isa = XCConfigurationList;
			buildConfigurations = (
				809355E72ABE23730094F3AB /* Debug */,
				809355E82ABE23730094F3AB /* Release */,
			);
			defaultConfigurationIsVisible = 0;
			defaultConfigurationName = Release;
		};
		809355E92ABE23730094F3AB /* Build configuration list for PBXNativeTarget "PodcastApp" */ = {
			isa = XCConfigurationList;
			buildConfigurations = (
				809355EA2ABE23730094F3AB /* Debug */,
				809355EB2ABE23730094F3AB /* Release */,
			);
			defaultConfigurationIsVisible = 0;
			defaultConfigurationName = Release;
		};
/* End XCConfigurationList section */

/* Begin XCRemoteSwiftPackageReference section */
		578CF0DC2ACE0FB5006B50C5 /* XCRemoteSwiftPackageReference "Kingfisher" */ = {
			isa = XCRemoteSwiftPackageReference;
			repositoryURL = "https://github.com/onevcat/Kingfisher.git";
			requirement = {
				kind = upToNextMajorVersion;
				minimumVersion = 7.0.0;
			};
		};
		80A15BB22ACC92F800134469 /* XCRemoteSwiftPackageReference "SnapKit" */ = {
			isa = XCRemoteSwiftPackageReference;
			repositoryURL = "https://github.com/SnapKit/SnapKit.git";
			requirement = {
				kind = upToNextMajorVersion;
				minimumVersion = 5.6.0;
			};
		};
		80A15BB52ACC931800134469 /* XCRemoteSwiftPackageReference "GoogleSignIn-iOS" */ = {
			isa = XCRemoteSwiftPackageReference;
			repositoryURL = "https://github.com/google/GoogleSignIn-iOS";
			requirement = {
				kind = upToNextMajorVersion;
				minimumVersion = 7.0.0;
			};
		};
		80A15BBA2ACC935F00134469 /* XCRemoteSwiftPackageReference "firebase-ios-sdk" */ = {
			isa = XCRemoteSwiftPackageReference;
			repositoryURL = "https://github.com/firebase/firebase-ios-sdk";
			requirement = {
				kind = upToNextMajorVersion;
				minimumVersion = 10.16.0;
			};
		};
		80F17BF12ACCDDF00063A245 /* XCRemoteSwiftPackageReference "ProgressHUD" */ = {
			isa = XCRemoteSwiftPackageReference;
			repositoryURL = "https://github.com/relatedcode/ProgressHUD.git";
			requirement = {
				kind = upToNextMajorVersion;
				minimumVersion = 13.8.3;
			};
		};
/* End XCRemoteSwiftPackageReference section */

/* Begin XCSwiftPackageProductDependency section */
		578CF0DD2ACE0FB5006B50C5 /* Kingfisher */ = {
			isa = XCSwiftPackageProductDependency;
			package = 578CF0DC2ACE0FB5006B50C5 /* XCRemoteSwiftPackageReference "Kingfisher" */;
			productName = Kingfisher;
		};
		80A15BB32ACC92F800134469 /* SnapKit */ = {
			isa = XCSwiftPackageProductDependency;
			package = 80A15BB22ACC92F800134469 /* XCRemoteSwiftPackageReference "SnapKit" */;
			productName = SnapKit;
		};
		80A15BB62ACC931800134469 /* GoogleSignIn */ = {
			isa = XCSwiftPackageProductDependency;
			package = 80A15BB52ACC931800134469 /* XCRemoteSwiftPackageReference "GoogleSignIn-iOS" */;
			productName = GoogleSignIn;
		};
		80A15BB82ACC931800134469 /* GoogleSignInSwift */ = {
			isa = XCSwiftPackageProductDependency;
			package = 80A15BB52ACC931800134469 /* XCRemoteSwiftPackageReference "GoogleSignIn-iOS" */;
			productName = GoogleSignInSwift;
		};
		80A15BBB2ACC935F00134469 /* FirebaseAnalytics */ = {
			isa = XCSwiftPackageProductDependency;
			package = 80A15BBA2ACC935F00134469 /* XCRemoteSwiftPackageReference "firebase-ios-sdk" */;
			productName = FirebaseAnalytics;
		};
		80A15BBD2ACC935F00134469 /* FirebaseAnalyticsOnDeviceConversion */ = {
			isa = XCSwiftPackageProductDependency;
			package = 80A15BBA2ACC935F00134469 /* XCRemoteSwiftPackageReference "firebase-ios-sdk" */;
			productName = FirebaseAnalyticsOnDeviceConversion;
		};
		80A15BBF2ACC935F00134469 /* FirebaseAnalyticsSwift */ = {
			isa = XCSwiftPackageProductDependency;
			package = 80A15BBA2ACC935F00134469 /* XCRemoteSwiftPackageReference "firebase-ios-sdk" */;
			productName = FirebaseAnalyticsSwift;
		};
		80A15BC12ACC935F00134469 /* FirebaseAnalyticsWithoutAdIdSupport */ = {
			isa = XCSwiftPackageProductDependency;
			package = 80A15BBA2ACC935F00134469 /* XCRemoteSwiftPackageReference "firebase-ios-sdk" */;
			productName = FirebaseAnalyticsWithoutAdIdSupport;
		};
		80A15BC32ACC935F00134469 /* FirebaseAppCheck */ = {
			isa = XCSwiftPackageProductDependency;
			package = 80A15BBA2ACC935F00134469 /* XCRemoteSwiftPackageReference "firebase-ios-sdk" */;
			productName = FirebaseAppCheck;
		};
		80A15BC52ACC935F00134469 /* FirebaseAppDistribution-Beta */ = {
			isa = XCSwiftPackageProductDependency;
			package = 80A15BBA2ACC935F00134469 /* XCRemoteSwiftPackageReference "firebase-ios-sdk" */;
			productName = "FirebaseAppDistribution-Beta";
		};
		80A15BC72ACC935F00134469 /* FirebaseAuth */ = {
			isa = XCSwiftPackageProductDependency;
			package = 80A15BBA2ACC935F00134469 /* XCRemoteSwiftPackageReference "firebase-ios-sdk" */;
			productName = FirebaseAuth;
		};
		80A15BC92ACC935F00134469 /* FirebaseAuthCombine-Community */ = {
			isa = XCSwiftPackageProductDependency;
			package = 80A15BBA2ACC935F00134469 /* XCRemoteSwiftPackageReference "firebase-ios-sdk" */;
			productName = "FirebaseAuthCombine-Community";
		};
		80A15BCB2ACC935F00134469 /* FirebaseCrashlytics */ = {
			isa = XCSwiftPackageProductDependency;
			package = 80A15BBA2ACC935F00134469 /* XCRemoteSwiftPackageReference "firebase-ios-sdk" */;
			productName = FirebaseCrashlytics;
		};
		80A15BCD2ACC935F00134469 /* FirebaseDatabase */ = {
			isa = XCSwiftPackageProductDependency;
			package = 80A15BBA2ACC935F00134469 /* XCRemoteSwiftPackageReference "firebase-ios-sdk" */;
			productName = FirebaseDatabase;
		};
		80A15BCF2ACC935F00134469 /* FirebaseDatabaseSwift */ = {
			isa = XCSwiftPackageProductDependency;
			package = 80A15BBA2ACC935F00134469 /* XCRemoteSwiftPackageReference "firebase-ios-sdk" */;
			productName = FirebaseDatabaseSwift;
		};
		80A15BD12ACC935F00134469 /* FirebaseDynamicLinks */ = {
			isa = XCSwiftPackageProductDependency;
			package = 80A15BBA2ACC935F00134469 /* XCRemoteSwiftPackageReference "firebase-ios-sdk" */;
			productName = FirebaseDynamicLinks;
		};
		80A15BD32ACC935F00134469 /* FirebaseFirestore */ = {
			isa = XCSwiftPackageProductDependency;
			package = 80A15BBA2ACC935F00134469 /* XCRemoteSwiftPackageReference "firebase-ios-sdk" */;
			productName = FirebaseFirestore;
		};
		80A15BD52ACC935F00134469 /* FirebaseFirestoreCombine-Community */ = {
			isa = XCSwiftPackageProductDependency;
			package = 80A15BBA2ACC935F00134469 /* XCRemoteSwiftPackageReference "firebase-ios-sdk" */;
			productName = "FirebaseFirestoreCombine-Community";
		};
		80A15BD72ACC935F00134469 /* FirebaseFirestoreSwift */ = {
			isa = XCSwiftPackageProductDependency;
			package = 80A15BBA2ACC935F00134469 /* XCRemoteSwiftPackageReference "firebase-ios-sdk" */;
			productName = FirebaseFirestoreSwift;
		};
		80A15BD92ACC935F00134469 /* FirebaseFunctions */ = {
			isa = XCSwiftPackageProductDependency;
			package = 80A15BBA2ACC935F00134469 /* XCRemoteSwiftPackageReference "firebase-ios-sdk" */;
			productName = FirebaseFunctions;
		};
		80A15BDB2ACC935F00134469 /* FirebaseFunctionsCombine-Community */ = {
			isa = XCSwiftPackageProductDependency;
			package = 80A15BBA2ACC935F00134469 /* XCRemoteSwiftPackageReference "firebase-ios-sdk" */;
			productName = "FirebaseFunctionsCombine-Community";
		};
		80A15BDD2ACC935F00134469 /* FirebaseInAppMessaging-Beta */ = {
			isa = XCSwiftPackageProductDependency;
			package = 80A15BBA2ACC935F00134469 /* XCRemoteSwiftPackageReference "firebase-ios-sdk" */;
			productName = "FirebaseInAppMessaging-Beta";
		};
		80A15BDF2ACC935F00134469 /* FirebaseInAppMessagingSwift-Beta */ = {
			isa = XCSwiftPackageProductDependency;
			package = 80A15BBA2ACC935F00134469 /* XCRemoteSwiftPackageReference "firebase-ios-sdk" */;
			productName = "FirebaseInAppMessagingSwift-Beta";
		};
		80A15BE12ACC935F00134469 /* FirebaseInstallations */ = {
			isa = XCSwiftPackageProductDependency;
			package = 80A15BBA2ACC935F00134469 /* XCRemoteSwiftPackageReference "firebase-ios-sdk" */;
			productName = FirebaseInstallations;
		};
		80A15BE32ACC935F00134469 /* FirebaseMLModelDownloader */ = {
			isa = XCSwiftPackageProductDependency;
			package = 80A15BBA2ACC935F00134469 /* XCRemoteSwiftPackageReference "firebase-ios-sdk" */;
			productName = FirebaseMLModelDownloader;
		};
		80A15BE52ACC935F00134469 /* FirebaseMessaging */ = {
			isa = XCSwiftPackageProductDependency;
			package = 80A15BBA2ACC935F00134469 /* XCRemoteSwiftPackageReference "firebase-ios-sdk" */;
			productName = FirebaseMessaging;
		};
		80A15BE72ACC935F00134469 /* FirebasePerformance */ = {
			isa = XCSwiftPackageProductDependency;
			package = 80A15BBA2ACC935F00134469 /* XCRemoteSwiftPackageReference "firebase-ios-sdk" */;
			productName = FirebasePerformance;
		};
		80A15BE92ACC935F00134469 /* FirebaseRemoteConfig */ = {
			isa = XCSwiftPackageProductDependency;
			package = 80A15BBA2ACC935F00134469 /* XCRemoteSwiftPackageReference "firebase-ios-sdk" */;
			productName = FirebaseRemoteConfig;
		};
		80A15BEB2ACC935F00134469 /* FirebaseRemoteConfigSwift */ = {
			isa = XCSwiftPackageProductDependency;
			package = 80A15BBA2ACC935F00134469 /* XCRemoteSwiftPackageReference "firebase-ios-sdk" */;
			productName = FirebaseRemoteConfigSwift;
		};
		80A15BED2ACC935F00134469 /* FirebaseStorage */ = {
			isa = XCSwiftPackageProductDependency;
			package = 80A15BBA2ACC935F00134469 /* XCRemoteSwiftPackageReference "firebase-ios-sdk" */;
			productName = FirebaseStorage;
		};
		80A15BEF2ACC935F00134469 /* FirebaseStorageCombine-Community */ = {
			isa = XCSwiftPackageProductDependency;
			package = 80A15BBA2ACC935F00134469 /* XCRemoteSwiftPackageReference "firebase-ios-sdk" */;
			productName = "FirebaseStorageCombine-Community";
		};
		80F17BF22ACCDDF00063A245 /* ProgressHUD */ = {
			isa = XCSwiftPackageProductDependency;
			package = 80F17BF12ACCDDF00063A245 /* XCRemoteSwiftPackageReference "ProgressHUD" */;
			productName = ProgressHUD;
		};
/* End XCSwiftPackageProductDependency section */
	};
	rootObject = 809355CD2ABE23710094F3AB /* Project object */;
}
